// !$*UTF8*$!
{
	archiveVersion = 1;
	classes = {
	};
	objectVersion = 77;
	objects = {

/* Begin PBXBuildFile section */
		A3035AB22D15EB45000BF8BF /* PaymentOptionCell.swift in Sources */ = {isa = PBXBuildFile; fileRef = A3035AB12D15EB44000BF8BF /* PaymentOptionCell.swift */; };
		A3035AB42D174097000BF8BF /* FavoriteItem.swift in Sources */ = {isa = PBXBuildFile; fileRef = A3035AB32D174097000BF8BF /* FavoriteItem.swift */; };
		A3035AB72D174226000BF8BF /* FavoriteFoodCell.swift in Sources */ = {isa = PBXBuildFile; fileRef = A3035AB62D174226000BF8BF /* FavoriteFoodCell.swift */; };
		A3035ABB2D175984000BF8BF /* FavoritesManager.swift in Sources */ = {isa = PBXBuildFile; fileRef = A3035ABA2D175984000BF8BF /* FavoritesManager.swift */; };
		A3035ABD2D179C42000BF8BF /* FavoriteRestaurantsCell.swift in Sources */ = {isa = PBXBuildFile; fileRef = A3035ABC2D179C42000BF8BF /* FavoriteRestaurantsCell.swift */; };
		A30C46372D3B36F3003FD5D7 /* GoogleButton.swift in Sources */ = {isa = PBXBuildFile; fileRef = A30C46362D3B36F3003FD5D7 /* GoogleButton.swift */; };
		A30C46392D3B3837003FD5D7 /* FacebookButton.swift in Sources */ = {isa = PBXBuildFile; fileRef = A30C46382D3B3837003FD5D7 /* FacebookButton.swift */; };
		A30C463D2D43FA57003FD5D7 /* HomeView.swift in Sources */ = {isa = PBXBuildFile; fileRef = A30C463C2D43FA57003FD5D7 /* HomeView.swift */; };
		A32270D32CF2AA6B00D9BEC3 /* SnapKit in Frameworks */ = {isa = PBXBuildFile; productRef = A32270D22CF2AA6B00D9BEC3 /* SnapKit */; };
		A33B569D2D08786A0076375E /* CustomButtonHomeVC.swift in Sources */ = {isa = PBXBuildFile; fileRef = A33B569C2D08786A0076375E /* CustomButtonHomeVC.swift */; };
		A353423A2D08F98A00C91C1C /* CategoryCell.swift in Sources */ = {isa = PBXBuildFile; fileRef = A35342392D08F98A00C91C1C /* CategoryCell.swift */; };
		A353423C2D08FC5100C91C1C /* RestaurantCell.swift in Sources */ = {isa = PBXBuildFile; fileRef = A353423B2D08FC5100C91C1C /* RestaurantCell.swift */; };
		A353423E2D09201700C91C1C /* Restaurants.swift in Sources */ = {isa = PBXBuildFile; fileRef = A353423D2D09201700C91C1C /* Restaurants.swift */; };
		A35342412D0B9F3000C91C1C /* Category.swift in Sources */ = {isa = PBXBuildFile; fileRef = A35342402D0B9F3000C91C1C /* Category.swift */; };
		A35B25F92D0E29A1004C4B69 /* RestaurantsDetailViewController.swift in Sources */ = {isa = PBXBuildFile; fileRef = A35B25F82D0E29A1004C4B69 /* RestaurantsDetailViewController.swift */; };
		A35B25FC2D0E464D004C4B69 /* SDWebImage in Frameworks */ = {isa = PBXBuildFile; productRef = A35B25FB2D0E464D004C4B69 /* SDWebImage */; };
		A35B25FE2D0E464D004C4B69 /* SDWebImageMapKit in Frameworks */ = {isa = PBXBuildFile; productRef = A35B25FD2D0E464D004C4B69 /* SDWebImageMapKit */; };
		A3AD033C2D1DC7FC005E2F30 /* CartViewController.swift in Sources */ = {isa = PBXBuildFile; fileRef = A3AD033B2D1DC7FC005E2F30 /* CartViewController.swift */; };
		A3AD033E2D1E1509005E2F30 /* CartBannerView.swift in Sources */ = {isa = PBXBuildFile; fileRef = A3AD033D2D1E1509005E2F30 /* CartBannerView.swift */; };
		A3AD03412D1E16AB005E2F30 /* CartManager.swift in Sources */ = {isa = PBXBuildFile; fileRef = A3AD03402D1E16AB005E2F30 /* CartManager.swift */; };
		A3AD03442D218A78005E2F30 /* shoppingCartCell.swift in Sources */ = {isa = PBXBuildFile; fileRef = A3AD03432D218A78005E2F30 /* shoppingCartCell.swift */; };
		A3AD03472D21AE8E005E2F30 /* CartItem.swift in Sources */ = {isa = PBXBuildFile; fileRef = A3AD03462D21AE8E005E2F30 /* CartItem.swift */; };
		A3AD03492D233C3B005E2F30 /* FooterView.swift in Sources */ = {isa = PBXBuildFile; fileRef = A3AD03482D233C3B005E2F30 /* FooterView.swift */; };
		A3AD03522D245274005E2F30 /* OrdersManager.swift in Sources */ = {isa = PBXBuildFile; fileRef = A3AD03512D245274005E2F30 /* OrdersManager.swift */; };
		A3AD03552D245899005E2F30 /* Order.swift in Sources */ = {isa = PBXBuildFile; fileRef = A3AD03542D245899005E2F30 /* Order.swift */; };
		A3AD03582D2472C1005E2F30 /* OrderCell.swift in Sources */ = {isa = PBXBuildFile; fileRef = A3AD03572D2472C1005E2F30 /* OrderCell.swift */; };
		A3AD035A2D284933005E2F30 /* FastestDeliveryViewController.swift in Sources */ = {isa = PBXBuildFile; fileRef = A3AD03592D284933005E2F30 /* FastestDeliveryViewController.swift */; };
		A3AD035E2D284D7F005E2F30 /* FastestCell.swift in Sources */ = {isa = PBXBuildFile; fileRef = A3AD035D2D284D7F005E2F30 /* FastestCell.swift */; };
		A3AD03602D285FA3005E2F30 /* FoodItemCell.swift in Sources */ = {isa = PBXBuildFile; fileRef = A3AD035F2D285FA3005E2F30 /* FoodItemCell.swift */; };
		A3B6B7FC2D440D8200E27642 /* HomeModel.swift in Sources */ = {isa = PBXBuildFile; fileRef = A3B6B7FB2D440D8200E27642 /* HomeModel.swift */; };
		A3B6B7FF2D44118800E27642 /* RestaurantsModel.swift in Sources */ = {isa = PBXBuildFile; fileRef = A3B6B7FE2D44118800E27642 /* RestaurantsModel.swift */; };
		A3B6B8012D4411B900E27642 /* RestaurantsView.swift in Sources */ = {isa = PBXBuildFile; fileRef = A3B6B8002D4411B900E27642 /* RestaurantsView.swift */; };
		A3B6B8052D4418E100E27642 /* RestaurantsDetailView.swift in Sources */ = {isa = PBXBuildFile; fileRef = A3B6B8042D4418E100E27642 /* RestaurantsDetailView.swift */; };
		A3B6B8072D44192100E27642 /* RestaurantsDetailModel.swift in Sources */ = {isa = PBXBuildFile; fileRef = A3B6B8062D44192100E27642 /* RestaurantsDetailModel.swift */; };
		A3B6B8092D4441D000E27642 /* FoodDetailModel.swift in Sources */ = {isa = PBXBuildFile; fileRef = A3B6B8082D4441D000E27642 /* FoodDetailModel.swift */; };
		A3B6B80B2D4441F300E27642 /* FoodDetailsView.swift in Sources */ = {isa = PBXBuildFile; fileRef = A3B6B80A2D4441F300E27642 /* FoodDetailsView.swift */; };
		A3B6B80D2D4446C400E27642 /* CartView.swift in Sources */ = {isa = PBXBuildFile; fileRef = A3B6B80C2D4446C400E27642 /* CartView.swift */; };
		A3B6B8122D444F0000E27642 /* ProfileModel.swift in Sources */ = {isa = PBXBuildFile; fileRef = A3B6B8112D444F0000E27642 /* ProfileModel.swift */; };
		A3B6B8152D444F2400E27642 /* ProfileView.swift in Sources */ = {isa = PBXBuildFile; fileRef = A3B6B8142D444F2400E27642 /* ProfileView.swift */; };
		A3B6B8212D445A6000E27642 /* SearchModel.swift in Sources */ = {isa = PBXBuildFile; fileRef = A3B6B8202D445A6000E27642 /* SearchModel.swift */; };
		A3B6B8262D445A8000E27642 /* SearchView.swift in Sources */ = {isa = PBXBuildFile; fileRef = A3B6B8252D445A8000E27642 /* SearchView.swift */; };
		A3B6B82C2D446A4700E27642 /* DeliveryAddressModel.swift in Sources */ = {isa = PBXBuildFile; fileRef = A3B6B82B2D446A4700E27642 /* DeliveryAddressModel.swift */; };
		A3B6B82E2D446A5100E27642 /* DeliveryAddressView.swift in Sources */ = {isa = PBXBuildFile; fileRef = A3B6B82D2D446A5100E27642 /* DeliveryAddressView.swift */; };
		A3C20E6E2CF61E300082E881 /* SkyFloatingLabelTextField in Frameworks */ = {isa = PBXBuildFile; productRef = A3C20E6D2CF61E300082E881 /* SkyFloatingLabelTextField */; };
		A3C20E7B2CF7D6F50082E881 /* FirebaseAuth in Frameworks */ = {isa = PBXBuildFile; productRef = A3C20E7A2CF7D6F50082E881 /* FirebaseAuth */; };
		A3C20E7D2CF7D7060082E881 /* FirebaseCore in Frameworks */ = {isa = PBXBuildFile; productRef = A3C20E7C2CF7D7060082E881 /* FirebaseCore */; };
		A3C20E7F2CF7D72B0082E881 /* FirebaseDatabase in Frameworks */ = {isa = PBXBuildFile; productRef = A3C20E7E2CF7D72B0082E881 /* FirebaseDatabase */; };
		A3C20E812CF7D73A0082E881 /* FirebaseStorage in Frameworks */ = {isa = PBXBuildFile; productRef = A3C20E802CF7D73A0082E881 /* FirebaseStorage */; };
		A3D604BF2D01E29F00846F06 /* Rubik-LightItalic.ttf in Resources */ = {isa = PBXBuildFile; fileRef = A3D604A92D01E29F00846F06 /* Rubik-LightItalic.ttf */; };
		A3D604C02D01E29F00846F06 /* Assets.xcassets in Resources */ = {isa = PBXBuildFile; fileRef = A3D604B72D01E29F00846F06 /* Assets.xcassets */; };
		A3D604C12D01E29F00846F06 /* Rubik-Italic.ttf in Resources */ = {isa = PBXBuildFile; fileRef = A3D604A72D01E29F00846F06 /* Rubik-Italic.ttf */; };
		A3D604C22D01E29F00846F06 /* Rubik-BlackItalic.ttf in Resources */ = {isa = PBXBuildFile; fileRef = A3D604A22D01E29F00846F06 /* Rubik-BlackItalic.ttf */; };
		A3D604C32D01E29F00846F06 /* Rubik-Bold.ttf in Resources */ = {isa = PBXBuildFile; fileRef = A3D604A32D01E29F00846F06 /* Rubik-Bold.ttf */; };
		A3D604C42D01E29F00846F06 /* Rubik-Light.ttf in Resources */ = {isa = PBXBuildFile; fileRef = A3D604A82D01E29F00846F06 /* Rubik-Light.ttf */; };
		A3D604C52D01E29F00846F06 /* Rubik-ExtraBoldItalic.ttf in Resources */ = {isa = PBXBuildFile; fileRef = A3D604A62D01E29F00846F06 /* Rubik-ExtraBoldItalic.ttf */; };
		A3D604C62D01E29F00846F06 /* Rubik-SemiBold.ttf in Resources */ = {isa = PBXBuildFile; fileRef = A3D604AD2D01E29F00846F06 /* Rubik-SemiBold.ttf */; };
		A3D604C72D01E29F00846F06 /* Rubik-SemiBoldItalic.ttf in Resources */ = {isa = PBXBuildFile; fileRef = A3D604AE2D01E29F00846F06 /* Rubik-SemiBoldItalic.ttf */; };
		A3D604C82D01E29F00846F06 /* LaunchScreen.storyboard in Resources */ = {isa = PBXBuildFile; fileRef = A3D604BB2D01E29F00846F06 /* LaunchScreen.storyboard */; };
		A3D604C92D01E29F00846F06 /* Rubik-Medium.ttf in Resources */ = {isa = PBXBuildFile; fileRef = A3D604AA2D01E29F00846F06 /* Rubik-Medium.ttf */; };
		A3D604CA2D01E29F00846F06 /* Rubik-Black.ttf in Resources */ = {isa = PBXBuildFile; fileRef = A3D604A12D01E29F00846F06 /* Rubik-Black.ttf */; };
		A3D604CB2D01E29F00846F06 /* Rubik-ExtraBold.ttf in Resources */ = {isa = PBXBuildFile; fileRef = A3D604A52D01E29F00846F06 /* Rubik-ExtraBold.ttf */; };
		A3D604CC2D01E29F00846F06 /* GoogleService-Info.plist in Resources */ = {isa = PBXBuildFile; fileRef = A3D604B82D01E29F00846F06 /* GoogleService-Info.plist */; };
		A3D604CD2D01E29F00846F06 /* Rubik-Regular.ttf in Resources */ = {isa = PBXBuildFile; fileRef = A3D604AC2D01E29F00846F06 /* Rubik-Regular.ttf */; };
		A3D604CE2D01E29F00846F06 /* Rubik-MediumItalic.ttf in Resources */ = {isa = PBXBuildFile; fileRef = A3D604AB2D01E29F00846F06 /* Rubik-MediumItalic.ttf */; };
		A3D604CF2D01E29F00846F06 /* Rubik-BoldItalic.ttf in Resources */ = {isa = PBXBuildFile; fileRef = A3D604A42D01E29F00846F06 /* Rubik-BoldItalic.ttf */; };
		A3D604D02D01E29F00846F06 /* UserProfileViewController.swift in Sources */ = {isa = PBXBuildFile; fileRef = A3D604882D01E29F00846F06 /* UserProfileViewController.swift */; };
		A3D604D12D01E29F00846F06 /* HomeViewController.swift in Sources */ = {isa = PBXBuildFile; fileRef = A3D604792D01E29F00846F06 /* HomeViewController.swift */; };
		A3D604D22D01E29F00846F06 /* LoginViewController.swift in Sources */ = {isa = PBXBuildFile; fileRef = A3D6047B2D01E29F00846F06 /* LoginViewController.swift */; };
		A3D604D32D01E29F00846F06 /* FavoriteCoordinator.swift in Sources */ = {isa = PBXBuildFile; fileRef = A3D604922D01E29F00846F06 /* FavoriteCoordinator.swift */; };
		A3D604D42D01E29F00846F06 /* MainTabBarController.swift in Sources */ = {isa = PBXBuildFile; fileRef = A3D6048E2D01E29F00846F06 /* MainTabBarController.swift */; };
		A3D604D52D01E29F00846F06 /* RestaurantsCoordinator.swift in Sources */ = {isa = PBXBuildFile; fileRef = A3D604952D01E29F00846F06 /* RestaurantsCoordinator.swift */; };
		A3D604D62D01E29F00846F06 /* UIColor+Extension.swift in Sources */ = {isa = PBXBuildFile; fileRef = A3D604992D01E29F00846F06 /* UIColor+Extension.swift */; };
		A3D604D72D01E29F00846F06 /* RestaurantsViewController.swift in Sources */ = {isa = PBXBuildFile; fileRef = A3D6048A2D01E29F00846F06 /* RestaurantsViewController.swift */; };
		A3D604D82D01E29F00846F06 /* ProfileViewController.swift in Sources */ = {isa = PBXBuildFile; fileRef = A3D604862D01E29F00846F06 /* ProfileViewController.swift */; };
		A3D604D92D01E29F00846F06 /* AppDelegate.swift in Sources */ = {isa = PBXBuildFile; fileRef = A3D604B62D01E29F00846F06 /* AppDelegate.swift */; };
		A3D604DA2D01E29F00846F06 /* ContactViewController.swift in Sources */ = {isa = PBXBuildFile; fileRef = A3D604822D01E29F00846F06 /* ContactViewController.swift */; };
		A3D604DB2D01E29F00846F06 /* OrderViewController.swift in Sources */ = {isa = PBXBuildFile; fileRef = A3D604842D01E29F00846F06 /* OrderViewController.swift */; };
		A3D604DC2D01E29F00846F06 /* SearchViewController.swift in Sources */ = {isa = PBXBuildFile; fileRef = A3D6048C2D01E29F00846F06 /* SearchViewController.swift */; };
		A3D604DD2D01E29F00846F06 /* PaymentsViewController.swift in Sources */ = {isa = PBXBuildFile; fileRef = A3D604852D01E29F00846F06 /* PaymentsViewController.swift */; };
		A3D604DE2D01E29F00846F06 /* SettingsViewController.swift in Sources */ = {isa = PBXBuildFile; fileRef = A3D604872D01E29F00846F06 /* SettingsViewController.swift */; };
		A3D604DF2D01E29F00846F06 /* ProfileCoordinator.swift in Sources */ = {isa = PBXBuildFile; fileRef = A3D604942D01E29F00846F06 /* ProfileCoordinator.swift */; };
		A3D604E02D01E29F00846F06 /* SceneDelegate.swift in Sources */ = {isa = PBXBuildFile; fileRef = A3D604BC2D01E29F00846F06 /* SceneDelegate.swift */; };
		A3D604E12D01E29F00846F06 /* AppColors.swift in Sources */ = {isa = PBXBuildFile; fileRef = A3D604B12D01E29F00846F06 /* AppColors.swift */; };
		A3D604E22D01E29F00846F06 /* UserOption.swift in Sources */ = {isa = PBXBuildFile; fileRef = A3D6049F2D01E29F00846F06 /* UserOption.swift */; };
		A3D604E32D01E29F00846F06 /* SignInViewController.swift in Sources */ = {isa = PBXBuildFile; fileRef = A3D6047D2D01E29F00846F06 /* SignInViewController.swift */; };
		A3D604E42D01E29F00846F06 /* SkyFloatingLabelTextField+Extensions.swift in Sources */ = {isa = PBXBuildFile; fileRef = A3D604982D01E29F00846F06 /* SkyFloatingLabelTextField+Extensions.swift */; };
		A3D604E52D01E29F00846F06 /* HelpFAQViewController.swift in Sources */ = {isa = PBXBuildFile; fileRef = A3D604832D01E29F00846F06 /* HelpFAQViewController.swift */; };
		A3D604E62D01E29F00846F06 /* UserData.swift in Sources */ = {isa = PBXBuildFile; fileRef = A3D6049E2D01E29F00846F06 /* UserData.swift */; };
		A3D604E72D01E29F00846F06 /* AuthService.swift in Sources */ = {isa = PBXBuildFile; fileRef = A3D604B32D01E29F00846F06 /* AuthService.swift */; };
		A3D604E82D01E29F00846F06 /* Coordinator.swift in Sources */ = {isa = PBXBuildFile; fileRef = A3D604912D01E29F00846F06 /* Coordinator.swift */; };
		A3D604E92D01E29F00846F06 /* SearchCoordinator.swift in Sources */ = {isa = PBXBuildFile; fileRef = A3D604962D01E29F00846F06 /* SearchCoordinator.swift */; };
		A3D604EA2D01E29F00846F06 /* UIFont+Extension.swift in Sources */ = {isa = PBXBuildFile; fileRef = A3D6049A2D01E29F00846F06 /* UIFont+Extension.swift */; };
		A3D604EB2D01E29F00846F06 /* WelcomeViewController.swift in Sources */ = {isa = PBXBuildFile; fileRef = A3D6047F2D01E29F00846F06 /* WelcomeViewController.swift */; };
		A3D604EC2D01E29F00846F06 /* FavoriteViewController.swift in Sources */ = {isa = PBXBuildFile; fileRef = A3D604772D01E29F00846F06 /* FavoriteViewController.swift */; };
		A3D604ED2D01E29F00846F06 /* UIImage+Resize.swift in Sources */ = {isa = PBXBuildFile; fileRef = A3D6049B2D01E29F00846F06 /* UIImage+Resize.swift */; };
		A3D604EE2D01E29F00846F06 /* UINavigation+Extension.swift in Sources */ = {isa = PBXBuildFile; fileRef = A3D6049C2D01E29F00846F06 /* UINavigation+Extension.swift */; };
		A3D604EF2D01E29F00846F06 /* HomeCoordinator.swift in Sources */ = {isa = PBXBuildFile; fileRef = A3D604932D01E29F00846F06 /* HomeCoordinator.swift */; };
		A3D604F32D01E5FB00846F06 /* SectionOption.swift in Sources */ = {isa = PBXBuildFile; fileRef = A3D604F22D01E5FB00846F06 /* SectionOption.swift */; };
		A3D604F52D0240C300846F06 /* FirebaseFirestore in Frameworks */ = {isa = PBXBuildFile; productRef = A3D604F42D0240C300846F06 /* FirebaseFirestore */; };
		A3D604F72D038B5500846F06 /* DeliveryAddressWithMapViewController.swift in Sources */ = {isa = PBXBuildFile; fileRef = A3D604F62D038B5500846F06 /* DeliveryAddressWithMapViewController.swift */; };
		A3D605292D04FCBC00846F06 /* CustomAddressView.swift in Sources */ = {isa = PBXBuildFile; fileRef = A3D605282D04FCBC00846F06 /* CustomAddressView.swift */; };
		A3D6052B2D05F7D400846F06 /* SettingsCell.swift in Sources */ = {isa = PBXBuildFile; fileRef = A3D6052A2D05F7D400846F06 /* SettingsCell.swift */; };
		A3D6052D2D05F8B100846F06 /* SectionOptionSettings.swift in Sources */ = {isa = PBXBuildFile; fileRef = A3D6052C2D05F8B100846F06 /* SectionOptionSettings.swift */; };
		A3D6052F2D05FCCD00846F06 /* SettingsCoordinator.swift in Sources */ = {isa = PBXBuildFile; fileRef = A3D6052E2D05FCCD00846F06 /* SettingsCoordinator.swift */; };
		A3D605312D063B0700846F06 /* FastestDeliveryCell.swift in Sources */ = {isa = PBXBuildFile; fileRef = A3D605302D063B0700846F06 /* FastestDeliveryCell.swift */; };
		A3D605332D063B2D00846F06 /* FoodItem.swift in Sources */ = {isa = PBXBuildFile; fileRef = A3D605322D063B2D00846F06 /* FoodItem.swift */; };
		A3D605352D063E0600846F06 /* UIImageView+Extension.swift in Sources */ = {isa = PBXBuildFile; fileRef = A3D605342D063E0600846F06 /* UIImageView+Extension.swift */; };
		A3D605512D0732B000846F06 /* CustomSegmentControll.swift in Sources */ = {isa = PBXBuildFile; fileRef = A3D605502D0732B000846F06 /* CustomSegmentControll.swift */; };
		A3D605542D078DDD00846F06 /* PopularItemsCell.swift in Sources */ = {isa = PBXBuildFile; fileRef = A3D605532D078DDD00846F06 /* PopularItemsCell.swift */; };
		A3E7A3A22D11BB960086E0FD /* MenuItemCell.swift in Sources */ = {isa = PBXBuildFile; fileRef = A3E7A3A12D11BB960086E0FD /* MenuItemCell.swift */; };
		A3E7A3A42D11C2400086E0FD /* MenuItem.swift in Sources */ = {isa = PBXBuildFile; fileRef = A3E7A3A32D11C2400086E0FD /* MenuItem.swift */; };
		A3E7A3A62D138C000086E0FD /* FoodDetailsViewController.swift in Sources */ = {isa = PBXBuildFile; fileRef = A3E7A3A52D138C000086E0FD /* FoodDetailsViewController.swift */; };
		A3E7A3A82D14C3680086E0FD /* IncrementDecrementView.swift in Sources */ = {isa = PBXBuildFile; fileRef = A3E7A3A72D14C3680086E0FD /* IncrementDecrementView.swift */; };
		A3E7A3AC2D15DD040086E0FD /* PackageCostCell.swift in Sources */ = {isa = PBXBuildFile; fileRef = A3E7A3AB2D15DD040086E0FD /* PackageCostCell.swift */; };
		A3FFD73B2D3056550099CD1A /* NoficationViewController.swift in Sources */ = {isa = PBXBuildFile; fileRef = A3FFD73A2D3056550099CD1A /* NoficationViewController.swift */; };
		A3FFD7432D315CF50099CD1A /* Localizable.strings in Resources */ = {isa = PBXBuildFile; fileRef = A3FFD7412D315CF50099CD1A /* Localizable.strings */; };
		A3FFD7462D3162B60099CD1A /* String+Extension.swift in Sources */ = {isa = PBXBuildFile; fileRef = A3FFD7452D3162B60099CD1A /* String+Extension.swift */; };
		A3FFD7492D383D340099CD1A /* LocalizationManager.swift in Sources */ = {isa = PBXBuildFile; fileRef = A3FFD7482D383D340099CD1A /* LocalizationManager.swift */; };
		A3FFD74C2D383E600099CD1A /* LocalizationViewController.swift in Sources */ = {isa = PBXBuildFile; fileRef = A3FFD74B2D383E600099CD1A /* LocalizationViewController.swift */; };
/* End PBXBuildFile section */

/* Begin PBXFileReference section */
		A3035AB12D15EB44000BF8BF /* PaymentOptionCell.swift */ = {isa = PBXFileReference; lastKnownFileType = sourcecode.swift; path = PaymentOptionCell.swift; sourceTree = "<group>"; };
		A3035AB32D174097000BF8BF /* FavoriteItem.swift */ = {isa = PBXFileReference; lastKnownFileType = sourcecode.swift; path = FavoriteItem.swift; sourceTree = "<group>"; };
		A3035AB62D174226000BF8BF /* FavoriteFoodCell.swift */ = {isa = PBXFileReference; lastKnownFileType = sourcecode.swift; path = FavoriteFoodCell.swift; sourceTree = "<group>"; };
		A3035ABA2D175984000BF8BF /* FavoritesManager.swift */ = {isa = PBXFileReference; lastKnownFileType = sourcecode.swift; path = FavoritesManager.swift; sourceTree = "<group>"; };
		A3035ABC2D179C42000BF8BF /* FavoriteRestaurantsCell.swift */ = {isa = PBXFileReference; lastKnownFileType = sourcecode.swift; path = FavoriteRestaurantsCell.swift; sourceTree = "<group>"; };
		A30C46362D3B36F3003FD5D7 /* GoogleButton.swift */ = {isa = PBXFileReference; lastKnownFileType = sourcecode.swift; path = GoogleButton.swift; sourceTree = "<group>"; };
		A30C46382D3B3837003FD5D7 /* FacebookButton.swift */ = {isa = PBXFileReference; lastKnownFileType = sourcecode.swift; path = FacebookButton.swift; sourceTree = "<group>"; };
		A30C463C2D43FA57003FD5D7 /* HomeView.swift */ = {isa = PBXFileReference; lastKnownFileType = sourcecode.swift; path = HomeView.swift; sourceTree = "<group>"; };
		A32270B92CF2A21500D9BEC3 /* Yum Yum Food.app */ = {isa = PBXFileReference; explicitFileType = wrapper.application; includeInIndex = 0; path = "Yum Yum Food.app"; sourceTree = BUILT_PRODUCTS_DIR; };
		A33B569C2D08786A0076375E /* CustomButtonHomeVC.swift */ = {isa = PBXFileReference; lastKnownFileType = sourcecode.swift; path = CustomButtonHomeVC.swift; sourceTree = "<group>"; };
		A35342392D08F98A00C91C1C /* CategoryCell.swift */ = {isa = PBXFileReference; lastKnownFileType = sourcecode.swift; path = CategoryCell.swift; sourceTree = "<group>"; };
		A353423B2D08FC5100C91C1C /* RestaurantCell.swift */ = {isa = PBXFileReference; lastKnownFileType = sourcecode.swift; name = RestaurantCell.swift; path = /Users/ruslanzidkih/Documents/dev/RestaurantCell.swift; sourceTree = "<absolute>"; };
		A353423D2D09201700C91C1C /* Restaurants.swift */ = {isa = PBXFileReference; lastKnownFileType = sourcecode.swift; path = Restaurants.swift; sourceTree = "<group>"; };
		A35342402D0B9F3000C91C1C /* Category.swift */ = {isa = PBXFileReference; lastKnownFileType = sourcecode.swift; path = Category.swift; sourceTree = "<group>"; };
		A35B25F82D0E29A1004C4B69 /* RestaurantsDetailViewController.swift */ = {isa = PBXFileReference; lastKnownFileType = sourcecode.swift; path = RestaurantsDetailViewController.swift; sourceTree = "<group>"; };
		A3AD033B2D1DC7FC005E2F30 /* CartViewController.swift */ = {isa = PBXFileReference; lastKnownFileType = sourcecode.swift; path = CartViewController.swift; sourceTree = "<group>"; };
		A3AD033D2D1E1509005E2F30 /* CartBannerView.swift */ = {isa = PBXFileReference; lastKnownFileType = sourcecode.swift; path = CartBannerView.swift; sourceTree = "<group>"; };
		A3AD03402D1E16AB005E2F30 /* CartManager.swift */ = {isa = PBXFileReference; lastKnownFileType = sourcecode.swift; path = CartManager.swift; sourceTree = "<group>"; };
		A3AD03432D218A78005E2F30 /* shoppingCartCell.swift */ = {isa = PBXFileReference; lastKnownFileType = sourcecode.swift; path = shoppingCartCell.swift; sourceTree = "<group>"; };
		A3AD03462D21AE8E005E2F30 /* CartItem.swift */ = {isa = PBXFileReference; lastKnownFileType = sourcecode.swift; path = CartItem.swift; sourceTree = "<group>"; };
		A3AD03482D233C3B005E2F30 /* FooterView.swift */ = {isa = PBXFileReference; lastKnownFileType = sourcecode.swift; path = FooterView.swift; sourceTree = "<group>"; };
		A3AD03512D245274005E2F30 /* OrdersManager.swift */ = {isa = PBXFileReference; lastKnownFileType = sourcecode.swift; path = OrdersManager.swift; sourceTree = "<group>"; };
		A3AD03542D245899005E2F30 /* Order.swift */ = {isa = PBXFileReference; lastKnownFileType = sourcecode.swift; path = Order.swift; sourceTree = "<group>"; };
		A3AD03572D2472C1005E2F30 /* OrderCell.swift */ = {isa = PBXFileReference; lastKnownFileType = sourcecode.swift; path = OrderCell.swift; sourceTree = "<group>"; };
		A3AD03592D284933005E2F30 /* FastestDeliveryViewController.swift */ = {isa = PBXFileReference; lastKnownFileType = sourcecode.swift; path = FastestDeliveryViewController.swift; sourceTree = "<group>"; };
		A3AD035D2D284D7F005E2F30 /* FastestCell.swift */ = {isa = PBXFileReference; lastKnownFileType = sourcecode.swift; path = FastestCell.swift; sourceTree = "<group>"; };
		A3AD035F2D285FA3005E2F30 /* FoodItemCell.swift */ = {isa = PBXFileReference; lastKnownFileType = sourcecode.swift; path = FoodItemCell.swift; sourceTree = "<group>"; };
		A3B6B7FB2D440D8200E27642 /* HomeModel.swift */ = {isa = PBXFileReference; lastKnownFileType = sourcecode.swift; path = HomeModel.swift; sourceTree = "<group>"; };
		A3B6B7FE2D44118800E27642 /* RestaurantsModel.swift */ = {isa = PBXFileReference; lastKnownFileType = sourcecode.swift; path = RestaurantsModel.swift; sourceTree = "<group>"; };
		A3B6B8002D4411B900E27642 /* RestaurantsView.swift */ = {isa = PBXFileReference; lastKnownFileType = sourcecode.swift; path = RestaurantsView.swift; sourceTree = "<group>"; };
		A3B6B8042D4418E100E27642 /* RestaurantsDetailView.swift */ = {isa = PBXFileReference; lastKnownFileType = sourcecode.swift; path = RestaurantsDetailView.swift; sourceTree = "<group>"; };
		A3B6B8062D44192100E27642 /* RestaurantsDetailModel.swift */ = {isa = PBXFileReference; lastKnownFileType = sourcecode.swift; path = RestaurantsDetailModel.swift; sourceTree = "<group>"; };
		A3B6B8082D4441D000E27642 /* FoodDetailModel.swift */ = {isa = PBXFileReference; lastKnownFileType = sourcecode.swift; path = FoodDetailModel.swift; sourceTree = "<group>"; };
		A3B6B80A2D4441F300E27642 /* FoodDetailsView.swift */ = {isa = PBXFileReference; lastKnownFileType = sourcecode.swift; path = FoodDetailsView.swift; sourceTree = "<group>"; };
		A3B6B80C2D4446C400E27642 /* CartView.swift */ = {isa = PBXFileReference; lastKnownFileType = sourcecode.swift; path = CartView.swift; sourceTree = "<group>"; };
		A3B6B8112D444F0000E27642 /* ProfileModel.swift */ = {isa = PBXFileReference; lastKnownFileType = sourcecode.swift; path = ProfileModel.swift; sourceTree = "<group>"; };
		A3B6B8142D444F2400E27642 /* ProfileView.swift */ = {isa = PBXFileReference; lastKnownFileType = sourcecode.swift; path = ProfileView.swift; sourceTree = "<group>"; };
		A3B6B8202D445A6000E27642 /* SearchModel.swift */ = {isa = PBXFileReference; lastKnownFileType = sourcecode.swift; path = SearchModel.swift; sourceTree = "<group>"; };
		A3B6B8252D445A8000E27642 /* SearchView.swift */ = {isa = PBXFileReference; lastKnownFileType = sourcecode.swift; path = SearchView.swift; sourceTree = "<group>"; };
		A3B6B82B2D446A4700E27642 /* DeliveryAddressModel.swift */ = {isa = PBXFileReference; lastKnownFileType = sourcecode.swift; path = DeliveryAddressModel.swift; sourceTree = "<group>"; };
		A3B6B82D2D446A5100E27642 /* DeliveryAddressView.swift */ = {isa = PBXFileReference; lastKnownFileType = sourcecode.swift; path = DeliveryAddressView.swift; sourceTree = "<group>"; };
		A3D604772D01E29F00846F06 /* FavoriteViewController.swift */ = {isa = PBXFileReference; lastKnownFileType = sourcecode.swift; path = FavoriteViewController.swift; sourceTree = "<group>"; };
		A3D604792D01E29F00846F06 /* HomeViewController.swift */ = {isa = PBXFileReference; lastKnownFileType = sourcecode.swift; path = HomeViewController.swift; sourceTree = "<group>"; };
		A3D6047B2D01E29F00846F06 /* LoginViewController.swift */ = {isa = PBXFileReference; lastKnownFileType = sourcecode.swift; path = LoginViewController.swift; sourceTree = "<group>"; };
		A3D6047D2D01E29F00846F06 /* SignInViewController.swift */ = {isa = PBXFileReference; lastKnownFileType = sourcecode.swift; path = SignInViewController.swift; sourceTree = "<group>"; };
		A3D6047F2D01E29F00846F06 /* WelcomeViewController.swift */ = {isa = PBXFileReference; lastKnownFileType = sourcecode.swift; path = WelcomeViewController.swift; sourceTree = "<group>"; };
		A3D604822D01E29F00846F06 /* ContactViewController.swift */ = {isa = PBXFileReference; lastKnownFileType = sourcecode.swift; path = ContactViewController.swift; sourceTree = "<group>"; };
		A3D604832D01E29F00846F06 /* HelpFAQViewController.swift */ = {isa = PBXFileReference; lastKnownFileType = sourcecode.swift; path = HelpFAQViewController.swift; sourceTree = "<group>"; };
		A3D604842D01E29F00846F06 /* OrderViewController.swift */ = {isa = PBXFileReference; lastKnownFileType = sourcecode.swift; path = OrderViewController.swift; sourceTree = "<group>"; };
		A3D604852D01E29F00846F06 /* PaymentsViewController.swift */ = {isa = PBXFileReference; lastKnownFileType = sourcecode.swift; path = PaymentsViewController.swift; sourceTree = "<group>"; };
		A3D604862D01E29F00846F06 /* ProfileViewController.swift */ = {isa = PBXFileReference; lastKnownFileType = sourcecode.swift; path = ProfileViewController.swift; sourceTree = "<group>"; };
		A3D604872D01E29F00846F06 /* SettingsViewController.swift */ = {isa = PBXFileReference; lastKnownFileType = sourcecode.swift; path = SettingsViewController.swift; sourceTree = "<group>"; };
		A3D604882D01E29F00846F06 /* UserProfileViewController.swift */ = {isa = PBXFileReference; lastKnownFileType = sourcecode.swift; path = UserProfileViewController.swift; sourceTree = "<group>"; };
		A3D6048A2D01E29F00846F06 /* RestaurantsViewController.swift */ = {isa = PBXFileReference; lastKnownFileType = sourcecode.swift; path = RestaurantsViewController.swift; sourceTree = "<group>"; };
		A3D6048C2D01E29F00846F06 /* SearchViewController.swift */ = {isa = PBXFileReference; lastKnownFileType = sourcecode.swift; path = SearchViewController.swift; sourceTree = "<group>"; };
		A3D6048E2D01E29F00846F06 /* MainTabBarController.swift */ = {isa = PBXFileReference; lastKnownFileType = sourcecode.swift; path = MainTabBarController.swift; sourceTree = "<group>"; };
		A3D604912D01E29F00846F06 /* Coordinator.swift */ = {isa = PBXFileReference; lastKnownFileType = sourcecode.swift; path = Coordinator.swift; sourceTree = "<group>"; };
		A3D604922D01E29F00846F06 /* FavoriteCoordinator.swift */ = {isa = PBXFileReference; lastKnownFileType = sourcecode.swift; path = FavoriteCoordinator.swift; sourceTree = "<group>"; };
		A3D604932D01E29F00846F06 /* HomeCoordinator.swift */ = {isa = PBXFileReference; lastKnownFileType = sourcecode.swift; path = HomeCoordinator.swift; sourceTree = "<group>"; };
		A3D604942D01E29F00846F06 /* ProfileCoordinator.swift */ = {isa = PBXFileReference; lastKnownFileType = sourcecode.swift; path = ProfileCoordinator.swift; sourceTree = "<group>"; };
		A3D604952D01E29F00846F06 /* RestaurantsCoordinator.swift */ = {isa = PBXFileReference; lastKnownFileType = sourcecode.swift; path = RestaurantsCoordinator.swift; sourceTree = "<group>"; };
		A3D604962D01E29F00846F06 /* SearchCoordinator.swift */ = {isa = PBXFileReference; lastKnownFileType = sourcecode.swift; path = SearchCoordinator.swift; sourceTree = "<group>"; };
		A3D604982D01E29F00846F06 /* SkyFloatingLabelTextField+Extensions.swift */ = {isa = PBXFileReference; lastKnownFileType = sourcecode.swift; path = "SkyFloatingLabelTextField+Extensions.swift"; sourceTree = "<group>"; };
		A3D604992D01E29F00846F06 /* UIColor+Extension.swift */ = {isa = PBXFileReference; lastKnownFileType = sourcecode.swift; path = "UIColor+Extension.swift"; sourceTree = "<group>"; };
		A3D6049A2D01E29F00846F06 /* UIFont+Extension.swift */ = {isa = PBXFileReference; lastKnownFileType = sourcecode.swift; path = "UIFont+Extension.swift"; sourceTree = "<group>"; };
		A3D6049B2D01E29F00846F06 /* UIImage+Resize.swift */ = {isa = PBXFileReference; lastKnownFileType = sourcecode.swift; path = "UIImage+Resize.swift"; sourceTree = "<group>"; };
		A3D6049C2D01E29F00846F06 /* UINavigation+Extension.swift */ = {isa = PBXFileReference; lastKnownFileType = sourcecode.swift; path = "UINavigation+Extension.swift"; sourceTree = "<group>"; };
		A3D6049E2D01E29F00846F06 /* UserData.swift */ = {isa = PBXFileReference; lastKnownFileType = sourcecode.swift; path = UserData.swift; sourceTree = "<group>"; };
		A3D6049F2D01E29F00846F06 /* UserOption.swift */ = {isa = PBXFileReference; lastKnownFileType = sourcecode.swift; path = UserOption.swift; sourceTree = "<group>"; };
		A3D604A12D01E29F00846F06 /* Rubik-Black.ttf */ = {isa = PBXFileReference; lastKnownFileType = file; path = "Rubik-Black.ttf"; sourceTree = "<group>"; };
		A3D604A22D01E29F00846F06 /* Rubik-BlackItalic.ttf */ = {isa = PBXFileReference; lastKnownFileType = file; path = "Rubik-BlackItalic.ttf"; sourceTree = "<group>"; };
		A3D604A32D01E29F00846F06 /* Rubik-Bold.ttf */ = {isa = PBXFileReference; lastKnownFileType = file; path = "Rubik-Bold.ttf"; sourceTree = "<group>"; };
		A3D604A42D01E29F00846F06 /* Rubik-BoldItalic.ttf */ = {isa = PBXFileReference; lastKnownFileType = file; path = "Rubik-BoldItalic.ttf"; sourceTree = "<group>"; };
		A3D604A52D01E29F00846F06 /* Rubik-ExtraBold.ttf */ = {isa = PBXFileReference; lastKnownFileType = file; path = "Rubik-ExtraBold.ttf"; sourceTree = "<group>"; };
		A3D604A62D01E29F00846F06 /* Rubik-ExtraBoldItalic.ttf */ = {isa = PBXFileReference; lastKnownFileType = file; path = "Rubik-ExtraBoldItalic.ttf"; sourceTree = "<group>"; };
		A3D604A72D01E29F00846F06 /* Rubik-Italic.ttf */ = {isa = PBXFileReference; lastKnownFileType = file; path = "Rubik-Italic.ttf"; sourceTree = "<group>"; };
		A3D604A82D01E29F00846F06 /* Rubik-Light.ttf */ = {isa = PBXFileReference; lastKnownFileType = file; path = "Rubik-Light.ttf"; sourceTree = "<group>"; };
		A3D604A92D01E29F00846F06 /* Rubik-LightItalic.ttf */ = {isa = PBXFileReference; lastKnownFileType = file; path = "Rubik-LightItalic.ttf"; sourceTree = "<group>"; };
		A3D604AA2D01E29F00846F06 /* Rubik-Medium.ttf */ = {isa = PBXFileReference; lastKnownFileType = file; path = "Rubik-Medium.ttf"; sourceTree = "<group>"; };
		A3D604AB2D01E29F00846F06 /* Rubik-MediumItalic.ttf */ = {isa = PBXFileReference; lastKnownFileType = file; path = "Rubik-MediumItalic.ttf"; sourceTree = "<group>"; };
		A3D604AC2D01E29F00846F06 /* Rubik-Regular.ttf */ = {isa = PBXFileReference; lastKnownFileType = file; path = "Rubik-Regular.ttf"; sourceTree = "<group>"; };
		A3D604AD2D01E29F00846F06 /* Rubik-SemiBold.ttf */ = {isa = PBXFileReference; lastKnownFileType = file; path = "Rubik-SemiBold.ttf"; sourceTree = "<group>"; };
		A3D604AE2D01E29F00846F06 /* Rubik-SemiBoldItalic.ttf */ = {isa = PBXFileReference; lastKnownFileType = file; path = "Rubik-SemiBoldItalic.ttf"; sourceTree = "<group>"; };
		A3D604B12D01E29F00846F06 /* AppColors.swift */ = {isa = PBXFileReference; lastKnownFileType = sourcecode.swift; path = AppColors.swift; sourceTree = "<group>"; };
		A3D604B32D01E29F00846F06 /* AuthService.swift */ = {isa = PBXFileReference; lastKnownFileType = sourcecode.swift; path = AuthService.swift; sourceTree = "<group>"; };
		A3D604B62D01E29F00846F06 /* AppDelegate.swift */ = {isa = PBXFileReference; lastKnownFileType = sourcecode.swift; path = AppDelegate.swift; sourceTree = "<group>"; };
		A3D604B72D01E29F00846F06 /* Assets.xcassets */ = {isa = PBXFileReference; lastKnownFileType = folder.assetcatalog; path = Assets.xcassets; sourceTree = "<group>"; };
		A3D604B82D01E29F00846F06 /* GoogleService-Info.plist */ = {isa = PBXFileReference; lastKnownFileType = text.plist.xml; path = "GoogleService-Info.plist"; sourceTree = "<group>"; };
		A3D604B92D01E29F00846F06 /* Info.plist */ = {isa = PBXFileReference; lastKnownFileType = text.plist.xml; path = Info.plist; sourceTree = "<group>"; };
		A3D604BA2D01E29F00846F06 /* Base */ = {isa = PBXFileReference; lastKnownFileType = file.storyboard; name = Base; path = Base.lproj/LaunchScreen.storyboard; sourceTree = "<group>"; };
		A3D604BC2D01E29F00846F06 /* SceneDelegate.swift */ = {isa = PBXFileReference; lastKnownFileType = sourcecode.swift; path = SceneDelegate.swift; sourceTree = "<group>"; };
		A3D604F22D01E5FB00846F06 /* SectionOption.swift */ = {isa = PBXFileReference; lastKnownFileType = sourcecode.swift; path = SectionOption.swift; sourceTree = "<group>"; };
		A3D604F62D038B5500846F06 /* DeliveryAddressWithMapViewController.swift */ = {isa = PBXFileReference; lastKnownFileType = sourcecode.swift; path = DeliveryAddressWithMapViewController.swift; sourceTree = "<group>"; };
		A3D605282D04FCBC00846F06 /* CustomAddressView.swift */ = {isa = PBXFileReference; lastKnownFileType = sourcecode.swift; path = CustomAddressView.swift; sourceTree = "<group>"; };
		A3D6052A2D05F7D400846F06 /* SettingsCell.swift */ = {isa = PBXFileReference; lastKnownFileType = sourcecode.swift; path = SettingsCell.swift; sourceTree = "<group>"; };
		A3D6052C2D05F8B100846F06 /* SectionOptionSettings.swift */ = {isa = PBXFileReference; lastKnownFileType = sourcecode.swift; path = SectionOptionSettings.swift; sourceTree = "<group>"; };
		A3D6052E2D05FCCD00846F06 /* SettingsCoordinator.swift */ = {isa = PBXFileReference; lastKnownFileType = sourcecode.swift; path = SettingsCoordinator.swift; sourceTree = "<group>"; };
		A3D605302D063B0700846F06 /* FastestDeliveryCell.swift */ = {isa = PBXFileReference; lastKnownFileType = sourcecode.swift; path = FastestDeliveryCell.swift; sourceTree = "<group>"; };
		A3D605322D063B2D00846F06 /* FoodItem.swift */ = {isa = PBXFileReference; lastKnownFileType = sourcecode.swift; path = FoodItem.swift; sourceTree = "<group>"; };
		A3D605342D063E0600846F06 /* UIImageView+Extension.swift */ = {isa = PBXFileReference; lastKnownFileType = sourcecode.swift; path = "UIImageView+Extension.swift"; sourceTree = "<group>"; };
		A3D605502D0732B000846F06 /* CustomSegmentControll.swift */ = {isa = PBXFileReference; lastKnownFileType = sourcecode.swift; path = CustomSegmentControll.swift; sourceTree = "<group>"; };
		A3D605532D078DDD00846F06 /* PopularItemsCell.swift */ = {isa = PBXFileReference; lastKnownFileType = sourcecode.swift; path = PopularItemsCell.swift; sourceTree = "<group>"; };
		A3E7A3A12D11BB960086E0FD /* MenuItemCell.swift */ = {isa = PBXFileReference; lastKnownFileType = sourcecode.swift; path = MenuItemCell.swift; sourceTree = "<group>"; };
		A3E7A3A32D11C2400086E0FD /* MenuItem.swift */ = {isa = PBXFileReference; lastKnownFileType = sourcecode.swift; path = MenuItem.swift; sourceTree = "<group>"; };
		A3E7A3A52D138C000086E0FD /* FoodDetailsViewController.swift */ = {isa = PBXFileReference; lastKnownFileType = sourcecode.swift; path = FoodDetailsViewController.swift; sourceTree = "<group>"; };
		A3E7A3A72D14C3680086E0FD /* IncrementDecrementView.swift */ = {isa = PBXFileReference; lastKnownFileType = sourcecode.swift; path = IncrementDecrementView.swift; sourceTree = "<group>"; };
		A3E7A3AB2D15DD040086E0FD /* PackageCostCell.swift */ = {isa = PBXFileReference; lastKnownFileType = sourcecode.swift; path = PackageCostCell.swift; sourceTree = "<group>"; };
		A3FFD73A2D3056550099CD1A /* NoficationViewController.swift */ = {isa = PBXFileReference; lastKnownFileType = sourcecode.swift; path = NoficationViewController.swift; sourceTree = "<group>"; };
		A3FFD73C2D3149EB0099CD1A /* uk */ = {isa = PBXFileReference; lastKnownFileType = text.plist.strings; name = uk; path = uk.lproj/LaunchScreen.strings; sourceTree = "<group>"; };
		A3FFD7422D315CF50099CD1A /* en */ = {isa = PBXFileReference; lastKnownFileType = text.plist.strings; name = en; path = en.lproj/Localizable.strings; sourceTree = "<group>"; };
		A3FFD7442D315F8F0099CD1A /* uk */ = {isa = PBXFileReference; lastKnownFileType = text.plist.strings; name = uk; path = uk.lproj/Localizable.strings; sourceTree = "<group>"; };
		A3FFD7452D3162B60099CD1A /* String+Extension.swift */ = {isa = PBXFileReference; lastKnownFileType = sourcecode.swift; path = "String+Extension.swift"; sourceTree = "<group>"; };
		A3FFD7482D383D340099CD1A /* LocalizationManager.swift */ = {isa = PBXFileReference; lastKnownFileType = sourcecode.swift; path = LocalizationManager.swift; sourceTree = "<group>"; };
		A3FFD74B2D383E600099CD1A /* LocalizationViewController.swift */ = {isa = PBXFileReference; lastKnownFileType = sourcecode.swift; path = LocalizationViewController.swift; sourceTree = "<group>"; };
/* End PBXFileReference section */

/* Begin PBXFrameworksBuildPhase section */
		A32270B62CF2A21500D9BEC3 /* Frameworks */ = {
			isa = PBXFrameworksBuildPhase;
			buildActionMask = 2147483647;
			files = (
				A3C20E7F2CF7D72B0082E881 /* FirebaseDatabase in Frameworks */,
				A35B25FE2D0E464D004C4B69 /* SDWebImageMapKit in Frameworks */,
				A32270D32CF2AA6B00D9BEC3 /* SnapKit in Frameworks */,
				A35B25FC2D0E464D004C4B69 /* SDWebImage in Frameworks */,
				A3C20E7B2CF7D6F50082E881 /* FirebaseAuth in Frameworks */,
				A3C20E7D2CF7D7060082E881 /* FirebaseCore in Frameworks */,
				A3C20E6E2CF61E300082E881 /* SkyFloatingLabelTextField in Frameworks */,
				A3C20E812CF7D73A0082E881 /* FirebaseStorage in Frameworks */,
				A3D604F52D0240C300846F06 /* FirebaseFirestore in Frameworks */,
			);
			runOnlyForDeploymentPostprocessing = 0;
		};
/* End PBXFrameworksBuildPhase section */

/* Begin PBXGroup section */
		A3035AB52D1741DC000BF8BF /* Favorite */ = {
			isa = PBXGroup;
			children = (
				A3035AB62D174226000BF8BF /* FavoriteFoodCell.swift */,
				A3035ABC2D179C42000BF8BF /* FavoriteRestaurantsCell.swift */,
			);
			path = Favorite;
			sourceTree = "<group>";
		};
		A3035AB82D174A61000BF8BF /* Profile */ = {
			isa = PBXGroup;
			children = (
				A3035AB12D15EB44000BF8BF /* PaymentOptionCell.swift */,
			);
			path = Profile;
			sourceTree = "<group>";
		};
		A3035AB92D17593D000BF8BF /* Favorite */ = {
			isa = PBXGroup;
			children = (
				A3035AB32D174097000BF8BF /* FavoriteItem.swift */,
				A3035ABA2D175984000BF8BF /* FavoritesManager.swift */,
			);
			path = Favorite;
			sourceTree = "<group>";
		};
		A30C46352D3B36D6003FD5D7 /* Button */ = {
			isa = PBXGroup;
			children = (
				A30C46362D3B36F3003FD5D7 /* GoogleButton.swift */,
				A30C46382D3B3837003FD5D7 /* FacebookButton.swift */,
			);
			path = Button;
			sourceTree = "<group>";
		};
		A32270B02CF2A21500D9BEC3 = {
			isa = PBXGroup;
			children = (
				A3FFD7412D315CF50099CD1A /* Localizable.strings */,
				A3D604BD2D01E29F00846F06 /* Yum Yum Food */,
				A3C20E792CF7D6F50082E881 /* Frameworks */,
				A32270BA2CF2A21500D9BEC3 /* Products */,
			);
			sourceTree = "<group>";
		};
		A32270BA2CF2A21500D9BEC3 /* Products */ = {
			isa = PBXGroup;
			children = (
				A32270B92CF2A21500D9BEC3 /* Yum Yum Food.app */,
			);
			name = Products;
			sourceTree = "<group>";
		};
		A35342382D08F96900C91C1C /* Restaurants */ = {
			isa = PBXGroup;
			children = (
				A35342392D08F98A00C91C1C /* CategoryCell.swift */,
				A353423B2D08FC5100C91C1C /* RestaurantCell.swift */,
				A3E7A3A12D11BB960086E0FD /* MenuItemCell.swift */,
				A3E7A3AB2D15DD040086E0FD /* PackageCostCell.swift */,
			);
			path = Restaurants;
			sourceTree = "<group>";
		};
		A353423F2D0B9F0C00C91C1C /* CategoryCell */ = {
			isa = PBXGroup;
			children = (
				A35342402D0B9F3000C91C1C /* Category.swift */,
				A3E7A3A32D11C2400086E0FD /* MenuItem.swift */,
			);
			path = CategoryCell;
			sourceTree = "<group>";
		};
		A3AD033F2D1E167E005E2F30 /* CartManager */ = {
			isa = PBXGroup;
			children = (
				A3AD03462D21AE8E005E2F30 /* CartItem.swift */,
				A3AD03402D1E16AB005E2F30 /* CartManager.swift */,
			);
			path = CartManager;
			sourceTree = "<group>";
		};
		A3AD03422D218A31005E2F30 /* Shopping Cart */ = {
			isa = PBXGroup;
			children = (
				A3AD03432D218A78005E2F30 /* shoppingCartCell.swift */,
			);
			path = "Shopping Cart";
			sourceTree = "<group>";
		};
		A3AD03452D21AE6D005E2F30 /* Cart */ = {
			isa = PBXGroup;
			children = (
				A3AD033F2D1E167E005E2F30 /* CartManager */,
			);
			path = Cart;
			sourceTree = "<group>";
		};
		A3AD03502D24524F005E2F30 /* OrdersManager */ = {
			isa = PBXGroup;
			children = (
				A3AD03512D245274005E2F30 /* OrdersManager.swift */,
			);
			path = OrdersManager;
			sourceTree = "<group>";
		};
		A3AD03532D245879005E2F30 /* Order */ = {
			isa = PBXGroup;
			children = (
				A3AD03502D24524F005E2F30 /* OrdersManager */,
				A3AD03542D245899005E2F30 /* Order.swift */,
			);
			path = Order;
			sourceTree = "<group>";
		};
		A3AD03562D2472A4005E2F30 /* OrderCell */ = {
			isa = PBXGroup;
			children = (
				A3AD03572D2472C1005E2F30 /* OrderCell.swift */,
			);
			path = OrderCell;
			sourceTree = "<group>";
		};
		A3B6B7FA2D440D5D00E27642 /* HomeModel */ = {
			isa = PBXGroup;
			children = (
				A3B6B7FB2D440D8200E27642 /* HomeModel.swift */,
			);
			path = HomeModel;
			sourceTree = "<group>";
		};
		A3B6B7FD2D44116A00E27642 /* RestaurantsModel */ = {
			isa = PBXGroup;
			children = (
				A3B6B7FE2D44118800E27642 /* RestaurantsModel.swift */,
				A3B6B8062D44192100E27642 /* RestaurantsDetailModel.swift */,
				A3B6B8082D4441D000E27642 /* FoodDetailModel.swift */,
			);
			path = RestaurantsModel;
			sourceTree = "<group>";
		};
		A3B6B8022D4411FF00E27642 /* HomeView */ = {
			isa = PBXGroup;
			children = (
				A30C463C2D43FA57003FD5D7 /* HomeView.swift */,
			);
			path = HomeView;
			sourceTree = "<group>";
		};
		A3B6B8032D44120F00E27642 /* RestaurantsView */ = {
			isa = PBXGroup;
			children = (
				A3B6B8002D4411B900E27642 /* RestaurantsView.swift */,
				A3B6B8042D4418E100E27642 /* RestaurantsDetailView.swift */,
				A3B6B80A2D4441F300E27642 /* FoodDetailsView.swift */,
			);
			path = RestaurantsView;
			sourceTree = "<group>";
		};
		A3B6B8102D444EE600E27642 /* ProfileModel */ = {
			isa = PBXGroup;
			children = (
				A3B6B8112D444F0000E27642 /* ProfileModel.swift */,
			);
			path = ProfileModel;
			sourceTree = "<group>";
		};
		A3B6B8132D444F1200E27642 /* ProfileView */ = {
			isa = PBXGroup;
			children = (
				A3B6B8142D444F2400E27642 /* ProfileView.swift */,
			);
			path = ProfileView;
			sourceTree = "<group>";
		};
		A3B6B81F2D445A4C00E27642 /* SearchModel */ = {
			isa = PBXGroup;
			children = (
				A3B6B8202D445A6000E27642 /* SearchModel.swift */,
			);
			path = SearchModel;
			sourceTree = "<group>";
		};
		A3B6B8242D445A7500E27642 /* SearchView */ = {
			isa = PBXGroup;
			children = (
				A3B6B8252D445A8000E27642 /* SearchView.swift */,
			);
			path = SearchView;
			sourceTree = "<group>";
		};
		A3B6B82F2D446B4B00E27642 /* DeliveryAddressView */ = {
			isa = PBXGroup;
			children = (
				A3B6B82D2D446A5100E27642 /* DeliveryAddressView.swift */,
			);
			path = DeliveryAddressView;
			sourceTree = "<group>";
		};
		A3B6B8302D446B6100E27642 /* DeliveryAddressModel */ = {
			isa = PBXGroup;
			children = (
				A3B6B82B2D446A4700E27642 /* DeliveryAddressModel.swift */,
			);
			path = DeliveryAddressModel;
			sourceTree = "<group>";
		};
		A3C20E792CF7D6F50082E881 /* Frameworks */ = {
			isa = PBXGroup;
			children = (
			);
			name = Frameworks;
			sourceTree = "<group>";
		};
		A3D604782D01E29F00846F06 /* Favorite */ = {
			isa = PBXGroup;
			children = (
				A3D604772D01E29F00846F06 /* FavoriteViewController.swift */,
			);
			path = Favorite;
			sourceTree = "<group>";
		};
		A3D6047A2D01E29F00846F06 /* Home */ = {
			isa = PBXGroup;
			children = (
				A3D604792D01E29F00846F06 /* HomeViewController.swift */,
				A3AD03592D284933005E2F30 /* FastestDeliveryViewController.swift */,
			);
			path = Home;
			sourceTree = "<group>";
		};
		A3D6047C2D01E29F00846F06 /* Login */ = {
			isa = PBXGroup;
			children = (
				A3D6047B2D01E29F00846F06 /* LoginViewController.swift */,
			);
			path = Login;
			sourceTree = "<group>";
		};
		A3D6047E2D01E29F00846F06 /* Sign in */ = {
			isa = PBXGroup;
			children = (
				A3D6047D2D01E29F00846F06 /* SignInViewController.swift */,
			);
			path = "Sign in";
			sourceTree = "<group>";
		};
		A3D604802D01E29F00846F06 /* Welcome */ = {
			isa = PBXGroup;
			children = (
				A3D6047F2D01E29F00846F06 /* WelcomeViewController.swift */,
			);
			path = Welcome;
			sourceTree = "<group>";
		};
		A3D604812D01E29F00846F06 /* Login */ = {
			isa = PBXGroup;
			children = (
				A3D6047C2D01E29F00846F06 /* Login */,
				A3D6047E2D01E29F00846F06 /* Sign in */,
				A3D604802D01E29F00846F06 /* Welcome */,
			);
			path = Login;
			sourceTree = "<group>";
		};
		A3D604892D01E29F00846F06 /* Profile */ = {
			isa = PBXGroup;
			children = (
				A3FFD7382D30562E0099CD1A /* Settings */,
				A3D604F62D038B5500846F06 /* DeliveryAddressWithMapViewController.swift */,
				A3D604822D01E29F00846F06 /* ContactViewController.swift */,
				A3D604832D01E29F00846F06 /* HelpFAQViewController.swift */,
				A3D604842D01E29F00846F06 /* OrderViewController.swift */,
				A3D604852D01E29F00846F06 /* PaymentsViewController.swift */,
				A3D604862D01E29F00846F06 /* ProfileViewController.swift */,
				A3D604872D01E29F00846F06 /* SettingsViewController.swift */,
				A3D604882D01E29F00846F06 /* UserProfileViewController.swift */,
			);
			path = Profile;
			sourceTree = "<group>";
		};
		A3D6048B2D01E29F00846F06 /* Restaurants */ = {
			isa = PBXGroup;
			children = (
				A3D6048A2D01E29F00846F06 /* RestaurantsViewController.swift */,
				A35B25F82D0E29A1004C4B69 /* RestaurantsDetailViewController.swift */,
				A3E7A3A52D138C000086E0FD /* FoodDetailsViewController.swift */,
			);
			path = Restaurants;
			sourceTree = "<group>";
		};
		A3D6048D2D01E29F00846F06 /* Search */ = {
			isa = PBXGroup;
			children = (
				A3D6048C2D01E29F00846F06 /* SearchViewController.swift */,
			);
			path = Search;
			sourceTree = "<group>";
		};
		A3D6048F2D01E29F00846F06 /* TabBar */ = {
			isa = PBXGroup;
			children = (
				A3D6048E2D01E29F00846F06 /* MainTabBarController.swift */,
			);
			path = TabBar;
			sourceTree = "<group>";
		};
		A3D604902D01E29F00846F06 /* Controllers */ = {
			isa = PBXGroup;
			children = (
				A3AD033B2D1DC7FC005E2F30 /* CartViewController.swift */,
				A3D604782D01E29F00846F06 /* Favorite */,
				A3D6047A2D01E29F00846F06 /* Home */,
				A3D604812D01E29F00846F06 /* Login */,
				A3D604892D01E29F00846F06 /* Profile */,
				A3D6048B2D01E29F00846F06 /* Restaurants */,
				A3D6048D2D01E29F00846F06 /* Search */,
				A3D6048F2D01E29F00846F06 /* TabBar */,
			);
			path = Controllers;
			sourceTree = "<group>";
		};
		A3D604972D01E29F00846F06 /* Coordinators */ = {
			isa = PBXGroup;
			children = (
				A3D604912D01E29F00846F06 /* Coordinator.swift */,
				A3D604922D01E29F00846F06 /* FavoriteCoordinator.swift */,
				A3D604932D01E29F00846F06 /* HomeCoordinator.swift */,
				A3D604942D01E29F00846F06 /* ProfileCoordinator.swift */,
				A3D604952D01E29F00846F06 /* RestaurantsCoordinator.swift */,
				A3D604962D01E29F00846F06 /* SearchCoordinator.swift */,
				A3D6052E2D05FCCD00846F06 /* SettingsCoordinator.swift */,
			);
			path = Coordinators;
			sourceTree = "<group>";
		};
		A3D6049D2D01E29F00846F06 /* Extensions */ = {
			isa = PBXGroup;
			children = (
				A3D604982D01E29F00846F06 /* SkyFloatingLabelTextField+Extensions.swift */,
				A3D604992D01E29F00846F06 /* UIColor+Extension.swift */,
				A3D6049A2D01E29F00846F06 /* UIFont+Extension.swift */,
				A3D6049B2D01E29F00846F06 /* UIImage+Resize.swift */,
				A3D6049C2D01E29F00846F06 /* UINavigation+Extension.swift */,
				A3D605342D063E0600846F06 /* UIImageView+Extension.swift */,
				A3FFD7452D3162B60099CD1A /* String+Extension.swift */,
			);
			path = Extensions;
			sourceTree = "<group>";
		};
		A3D604A02D01E29F00846F06 /* Models */ = {
			isa = PBXGroup;
			children = (
				A3B6B8302D446B6100E27642 /* DeliveryAddressModel */,
				A3B6B81F2D445A4C00E27642 /* SearchModel */,
				A3B6B8102D444EE600E27642 /* ProfileModel */,
				A3B6B7FD2D44116A00E27642 /* RestaurantsModel */,
				A3B6B7FA2D440D5D00E27642 /* HomeModel */,
				A3FFD7472D383D0E0099CD1A /* Settings */,
				A3AD03532D245879005E2F30 /* Order */,
				A3AD03452D21AE6D005E2F30 /* Cart */,
				A3035AB92D17593D000BF8BF /* Favorite */,
				A353423F2D0B9F0C00C91C1C /* CategoryCell */,
				A3D6049E2D01E29F00846F06 /* UserData.swift */,
				A3D6049F2D01E29F00846F06 /* UserOption.swift */,
				A3D604F22D01E5FB00846F06 /* SectionOption.swift */,
				A3D6052C2D05F8B100846F06 /* SectionOptionSettings.swift */,
				A3D605322D063B2D00846F06 /* FoodItem.swift */,
				A353423D2D09201700C91C1C /* Restaurants.swift */,
			);
			path = Models;
			sourceTree = "<group>";
		};
		A3D604AF2D01E29F00846F06 /* Rubik */ = {
			isa = PBXGroup;
			children = (
				A3D604A12D01E29F00846F06 /* Rubik-Black.ttf */,
				A3D604A22D01E29F00846F06 /* Rubik-BlackItalic.ttf */,
				A3D604A32D01E29F00846F06 /* Rubik-Bold.ttf */,
				A3D604A42D01E29F00846F06 /* Rubik-BoldItalic.ttf */,
				A3D604A52D01E29F00846F06 /* Rubik-ExtraBold.ttf */,
				A3D604A62D01E29F00846F06 /* Rubik-ExtraBoldItalic.ttf */,
				A3D604A72D01E29F00846F06 /* Rubik-Italic.ttf */,
				A3D604A82D01E29F00846F06 /* Rubik-Light.ttf */,
				A3D604A92D01E29F00846F06 /* Rubik-LightItalic.ttf */,
				A3D604AA2D01E29F00846F06 /* Rubik-Medium.ttf */,
				A3D604AB2D01E29F00846F06 /* Rubik-MediumItalic.ttf */,
				A3D604AC2D01E29F00846F06 /* Rubik-Regular.ttf */,
				A3D604AD2D01E29F00846F06 /* Rubik-SemiBold.ttf */,
				A3D604AE2D01E29F00846F06 /* Rubik-SemiBoldItalic.ttf */,
			);
			path = Rubik;
			sourceTree = "<group>";
		};
		A3D604B02D01E29F00846F06 /* Fonts */ = {
			isa = PBXGroup;
			children = (
				A3D604AF2D01E29F00846F06 /* Rubik */,
			);
			path = Fonts;
			sourceTree = "<group>";
		};
		A3D604B22D01E29F00846F06 /* Resources */ = {
			isa = PBXGroup;
			children = (
				A3D604B02D01E29F00846F06 /* Fonts */,
				A3D604B12D01E29F00846F06 /* AppColors.swift */,
			);
			path = Resources;
			sourceTree = "<group>";
		};
		A3D604B42D01E29F00846F06 /* Services */ = {
			isa = PBXGroup;
			children = (
				A3D604B32D01E29F00846F06 /* AuthService.swift */,
			);
			path = Services;
			sourceTree = "<group>";
		};
		A3D604B52D01E29F00846F06 /* Views */ = {
			isa = PBXGroup;
			children = (
			);
			path = Views;
			sourceTree = "<group>";
		};
		A3D604BD2D01E29F00846F06 /* Yum Yum Food */ = {
			isa = PBXGroup;
			children = (
				A3D605272D04FC9800846F06 /* View */,
				A3D604902D01E29F00846F06 /* Controllers */,
				A3D604972D01E29F00846F06 /* Coordinators */,
				A3D6049D2D01E29F00846F06 /* Extensions */,
				A3D604A02D01E29F00846F06 /* Models */,
				A3D604B22D01E29F00846F06 /* Resources */,
				A3D604B42D01E29F00846F06 /* Services */,
				A3D604B52D01E29F00846F06 /* Views */,
				A3D604B62D01E29F00846F06 /* AppDelegate.swift */,
				A3D604B72D01E29F00846F06 /* Assets.xcassets */,
				A3D604B82D01E29F00846F06 /* GoogleService-Info.plist */,
				A3D604B92D01E29F00846F06 /* Info.plist */,
				A3D604BB2D01E29F00846F06 /* LaunchScreen.storyboard */,
				A3D604BC2D01E29F00846F06 /* SceneDelegate.swift */,
				A3D604BE2D01E29F00846F06 /* Cells */,
			);
			path = "Yum Yum Food";
			sourceTree = "<group>";
		};
		A3D604BE2D01E29F00846F06 /* Cells */ = {
			isa = PBXGroup;
			children = (
				A3AD03562D2472A4005E2F30 /* OrderCell */,
				A3AD03422D218A31005E2F30 /* Shopping Cart */,
				A3035AB82D174A61000BF8BF /* Profile */,
				A3035AB52D1741DC000BF8BF /* Favorite */,
				A35342382D08F96900C91C1C /* Restaurants */,
				A3D605522D078DBA00846F06 /* HomeVC */,
				A3D6052A2D05F7D400846F06 /* SettingsCell.swift */,
				A3AD035F2D285FA3005E2F30 /* FoodItemCell.swift */,
			);
			path = Cells;
			sourceTree = "<group>";
		};
		A3D605272D04FC9800846F06 /* View */ = {
			isa = PBXGroup;
			children = (
				A3B6B82F2D446B4B00E27642 /* DeliveryAddressView */,
				A3B6B8242D445A7500E27642 /* SearchView */,
				A3B6B8132D444F1200E27642 /* ProfileView */,
				A3B6B8032D44120F00E27642 /* RestaurantsView */,
				A3B6B8022D4411FF00E27642 /* HomeView */,
				A30C46352D3B36D6003FD5D7 /* Button */,
				A3D605282D04FCBC00846F06 /* CustomAddressView.swift */,
				A3D605502D0732B000846F06 /* CustomSegmentControll.swift */,
				A33B569C2D08786A0076375E /* CustomButtonHomeVC.swift */,
				A3E7A3A72D14C3680086E0FD /* IncrementDecrementView.swift */,
				A3AD033D2D1E1509005E2F30 /* CartBannerView.swift */,
				A3AD03482D233C3B005E2F30 /* FooterView.swift */,
				A3B6B80C2D4446C400E27642 /* CartView.swift */,
			);
			path = View;
			sourceTree = "<group>";
		};
		A3D605522D078DBA00846F06 /* HomeVC */ = {
			isa = PBXGroup;
			children = (
				A3D605302D063B0700846F06 /* FastestDeliveryCell.swift */,
				A3D605532D078DDD00846F06 /* PopularItemsCell.swift */,
				A3AD035D2D284D7F005E2F30 /* FastestCell.swift */,
			);
			path = HomeVC;
			sourceTree = "<group>";
		};
		A3FFD7382D30562E0099CD1A /* Settings */ = {
			isa = PBXGroup;
			children = (
				A3FFD74A2D383E3F0099CD1A /* Localization */,
				A3FFD7392D3056390099CD1A /* Nofication */,
			);
			path = Settings;
			sourceTree = "<group>";
		};
		A3FFD7392D3056390099CD1A /* Nofication */ = {
			isa = PBXGroup;
			children = (
				A3FFD73A2D3056550099CD1A /* NoficationViewController.swift */,
			);
			path = Nofication;
			sourceTree = "<group>";
		};
		A3FFD7472D383D0E0099CD1A /* Settings */ = {
			isa = PBXGroup;
			children = (
				A3FFD7482D383D340099CD1A /* LocalizationManager.swift */,
			);
			path = Settings;
			sourceTree = "<group>";
		};
		A3FFD74A2D383E3F0099CD1A /* Localization */ = {
			isa = PBXGroup;
			children = (
				A3FFD74B2D383E600099CD1A /* LocalizationViewController.swift */,
			);
			path = Localization;
			sourceTree = "<group>";
		};
/* End PBXGroup section */

/* Begin PBXNativeTarget section */
		A32270B82CF2A21500D9BEC3 /* Yum Yum Food */ = {
			isa = PBXNativeTarget;
			buildConfigurationList = A32270CC2CF2A21700D9BEC3 /* Build configuration list for PBXNativeTarget "Yum Yum Food" */;
			buildPhases = (
				A32270B52CF2A21500D9BEC3 /* Sources */,
				A32270B62CF2A21500D9BEC3 /* Frameworks */,
				A32270B72CF2A21500D9BEC3 /* Resources */,
			);
			buildRules = (
			);
			dependencies = (
			);
			name = "Yum Yum Food";
			packageProductDependencies = (
				A32270D22CF2AA6B00D9BEC3 /* SnapKit */,
				A3C20E6D2CF61E300082E881 /* SkyFloatingLabelTextField */,
				A3C20E7A2CF7D6F50082E881 /* FirebaseAuth */,
				A3C20E7C2CF7D7060082E881 /* FirebaseCore */,
				A3C20E7E2CF7D72B0082E881 /* FirebaseDatabase */,
				A3C20E802CF7D73A0082E881 /* FirebaseStorage */,
				A3D604F42D0240C300846F06 /* FirebaseFirestore */,
				A35B25FB2D0E464D004C4B69 /* SDWebImage */,
				A35B25FD2D0E464D004C4B69 /* SDWebImageMapKit */,
			);
			productName = "Yum Yum Food";
			productReference = A32270B92CF2A21500D9BEC3 /* Yum Yum Food.app */;
			productType = "com.apple.product-type.application";
		};
/* End PBXNativeTarget section */

/* Begin PBXProject section */
		A32270B12CF2A21500D9BEC3 /* Project object */ = {
			isa = PBXProject;
			attributes = {
				BuildIndependentTargetsInParallel = 1;
				LastSwiftUpdateCheck = 1610;
				LastUpgradeCheck = 1610;
				TargetAttributes = {
					A32270B82CF2A21500D9BEC3 = {
						CreatedOnToolsVersion = 16.1;
					};
				};
			};
			buildConfigurationList = A32270B42CF2A21500D9BEC3 /* Build configuration list for PBXProject "Yum Yum Food" */;
			developmentRegion = en;
			hasScannedForEncodings = 0;
			knownRegions = (
				en,
				Base,
				uk,
			);
			mainGroup = A32270B02CF2A21500D9BEC3;
			minimizedProjectReferenceProxies = 1;
			packageReferences = (
				A32270D12CF2AA6B00D9BEC3 /* XCRemoteSwiftPackageReference "SnapKit" */,
				A3C20E6C2CF61E300082E881 /* XCRemoteSwiftPackageReference "SkyFloatingLabelTextField" */,
				A3C20E762CF7D4A60082E881 /* XCRemoteSwiftPackageReference "firebase-ios-sdk" */,
				A35B25FA2D0E464D004C4B69 /* XCRemoteSwiftPackageReference "SDWebImage" */,
			);
			preferredProjectObjectVersion = 77;
			productRefGroup = A32270BA2CF2A21500D9BEC3 /* Products */;
			projectDirPath = "";
			projectRoot = "";
			targets = (
				A32270B82CF2A21500D9BEC3 /* Yum Yum Food */,
			);
		};
/* End PBXProject section */

/* Begin PBXResourcesBuildPhase section */
		A32270B72CF2A21500D9BEC3 /* Resources */ = {
			isa = PBXResourcesBuildPhase;
			buildActionMask = 2147483647;
			files = (
				A3D604BF2D01E29F00846F06 /* Rubik-LightItalic.ttf in Resources */,
				A3D604C02D01E29F00846F06 /* Assets.xcassets in Resources */,
				A3D604C12D01E29F00846F06 /* Rubik-Italic.ttf in Resources */,
				A3D604C22D01E29F00846F06 /* Rubik-BlackItalic.ttf in Resources */,
				A3D604C32D01E29F00846F06 /* Rubik-Bold.ttf in Resources */,
				A3D604C42D01E29F00846F06 /* Rubik-Light.ttf in Resources */,
				A3D604C52D01E29F00846F06 /* Rubik-ExtraBoldItalic.ttf in Resources */,
				A3D604C62D01E29F00846F06 /* Rubik-SemiBold.ttf in Resources */,
				A3D604C72D01E29F00846F06 /* Rubik-SemiBoldItalic.ttf in Resources */,
				A3D604C82D01E29F00846F06 /* LaunchScreen.storyboard in Resources */,
				A3D604C92D01E29F00846F06 /* Rubik-Medium.ttf in Resources */,
				A3D604CA2D01E29F00846F06 /* Rubik-Black.ttf in Resources */,
				A3D604CB2D01E29F00846F06 /* Rubik-ExtraBold.ttf in Resources */,
				A3FFD7432D315CF50099CD1A /* Localizable.strings in Resources */,
				A3D604CC2D01E29F00846F06 /* GoogleService-Info.plist in Resources */,
				A3D604CD2D01E29F00846F06 /* Rubik-Regular.ttf in Resources */,
				A3D604CE2D01E29F00846F06 /* Rubik-MediumItalic.ttf in Resources */,
				A3D604CF2D01E29F00846F06 /* Rubik-BoldItalic.ttf in Resources */,
			);
			runOnlyForDeploymentPostprocessing = 0;
		};
/* End PBXResourcesBuildPhase section */

/* Begin PBXSourcesBuildPhase section */
		A32270B52CF2A21500D9BEC3 /* Sources */ = {
			isa = PBXSourcesBuildPhase;
			buildActionMask = 2147483647;
			files = (
				A3AD033E2D1E1509005E2F30 /* CartBannerView.swift in Sources */,
				A3D604F32D01E5FB00846F06 /* SectionOption.swift in Sources */,
				A3AD03472D21AE8E005E2F30 /* CartItem.swift in Sources */,
				A3D604D02D01E29F00846F06 /* UserProfileViewController.swift in Sources */,
				A3AD03552D245899005E2F30 /* Order.swift in Sources */,
				A33B569D2D08786A0076375E /* CustomButtonHomeVC.swift in Sources */,
				A3D604D12D01E29F00846F06 /* HomeViewController.swift in Sources */,
				A3D604D22D01E29F00846F06 /* LoginViewController.swift in Sources */,
				A3D6052B2D05F7D400846F06 /* SettingsCell.swift in Sources */,
				A3B6B8122D444F0000E27642 /* ProfileModel.swift in Sources */,
				A3B6B8262D445A8000E27642 /* SearchView.swift in Sources */,
				A35342412D0B9F3000C91C1C /* Category.swift in Sources */,
				A3D604D32D01E29F00846F06 /* FavoriteCoordinator.swift in Sources */,
				A30C46372D3B36F3003FD5D7 /* GoogleButton.swift in Sources */,
				A3D604D42D01E29F00846F06 /* MainTabBarController.swift in Sources */,
				A3D604D52D01E29F00846F06 /* RestaurantsCoordinator.swift in Sources */,
				A3D604D62D01E29F00846F06 /* UIColor+Extension.swift in Sources */,
				A3B6B8072D44192100E27642 /* RestaurantsDetailModel.swift in Sources */,
				A3B6B8092D4441D000E27642 /* FoodDetailModel.swift in Sources */,
				A30C463D2D43FA57003FD5D7 /* HomeView.swift in Sources */,
				A30C46392D3B3837003FD5D7 /* FacebookButton.swift in Sources */,
				A3D604D72D01E29F00846F06 /* RestaurantsViewController.swift in Sources */,
				A3D604D82D01E29F00846F06 /* ProfileViewController.swift in Sources */,
				A3E7A3A62D138C000086E0FD /* FoodDetailsViewController.swift in Sources */,
				A3AD035E2D284D7F005E2F30 /* FastestCell.swift in Sources */,
				A3D604D92D01E29F00846F06 /* AppDelegate.swift in Sources */,
				A3D6052D2D05F8B100846F06 /* SectionOptionSettings.swift in Sources */,
				A3035ABD2D179C42000BF8BF /* FavoriteRestaurantsCell.swift in Sources */,
				A3E7A3A82D14C3680086E0FD /* IncrementDecrementView.swift in Sources */,
				A3B6B82E2D446A5100E27642 /* DeliveryAddressView.swift in Sources */,
				A353423C2D08FC5100C91C1C /* RestaurantCell.swift in Sources */,
				A3AD03582D2472C1005E2F30 /* OrderCell.swift in Sources */,
				A3D604DA2D01E29F00846F06 /* ContactViewController.swift in Sources */,
				A3D604DB2D01E29F00846F06 /* OrderViewController.swift in Sources */,
				A3D604DC2D01E29F00846F06 /* SearchViewController.swift in Sources */,
				A3B6B82C2D446A4700E27642 /* DeliveryAddressModel.swift in Sources */,
				A3AD03442D218A78005E2F30 /* shoppingCartCell.swift in Sources */,
				A3D605312D063B0700846F06 /* FastestDeliveryCell.swift in Sources */,
				A3D605332D063B2D00846F06 /* FoodItem.swift in Sources */,
				A3E7A3AC2D15DD040086E0FD /* PackageCostCell.swift in Sources */,
				A3D604DD2D01E29F00846F06 /* PaymentsViewController.swift in Sources */,
				A3B6B8212D445A6000E27642 /* SearchModel.swift in Sources */,
				A3D604DE2D01E29F00846F06 /* SettingsViewController.swift in Sources */,
				A3D604DF2D01E29F00846F06 /* ProfileCoordinator.swift in Sources */,
				A3FFD7462D3162B60099CD1A /* String+Extension.swift in Sources */,
				A3B6B7FC2D440D8200E27642 /* HomeModel.swift in Sources */,
				A3AD03412D1E16AB005E2F30 /* CartManager.swift in Sources */,
				A353423A2D08F98A00C91C1C /* CategoryCell.swift in Sources */,
				A3D604E02D01E29F00846F06 /* SceneDelegate.swift in Sources */,
				A3D604E12D01E29F00846F06 /* AppColors.swift in Sources */,
				A3D604E22D01E29F00846F06 /* UserOption.swift in Sources */,
				A3D605512D0732B000846F06 /* CustomSegmentControll.swift in Sources */,
				A35B25F92D0E29A1004C4B69 /* RestaurantsDetailViewController.swift in Sources */,
				A3D604E32D01E29F00846F06 /* SignInViewController.swift in Sources */,
				A3D604E42D01E29F00846F06 /* SkyFloatingLabelTextField+Extensions.swift in Sources */,
				A3AD03522D245274005E2F30 /* OrdersManager.swift in Sources */,
				A3D604E52D01E29F00846F06 /* HelpFAQViewController.swift in Sources */,
				A3D604E62D01E29F00846F06 /* UserData.swift in Sources */,
				A3D604E72D01E29F00846F06 /* AuthService.swift in Sources */,
				A3035AB72D174226000BF8BF /* FavoriteFoodCell.swift in Sources */,
				A3D605352D063E0600846F06 /* UIImageView+Extension.swift in Sources */,
				A3D6052F2D05FCCD00846F06 /* SettingsCoordinator.swift in Sources */,
				A3D604E82D01E29F00846F06 /* Coordinator.swift in Sources */,
				A3E7A3A22D11BB960086E0FD /* MenuItemCell.swift in Sources */,
				A3D604E92D01E29F00846F06 /* SearchCoordinator.swift in Sources */,
				A3D604EA2D01E29F00846F06 /* UIFont+Extension.swift in Sources */,
				A3FFD7492D383D340099CD1A /* LocalizationManager.swift in Sources */,
				A3035AB42D174097000BF8BF /* FavoriteItem.swift in Sources */,
				A3B6B8152D444F2400E27642 /* ProfileView.swift in Sources */,
				A3D604EB2D01E29F00846F06 /* WelcomeViewController.swift in Sources */,
				A3B6B7FF2D44118800E27642 /* RestaurantsModel.swift in Sources */,
				A353423E2D09201700C91C1C /* Restaurants.swift in Sources */,
				A3B6B80D2D4446C400E27642 /* CartView.swift in Sources */,
				A3AD035A2D284933005E2F30 /* FastestDeliveryViewController.swift in Sources */,
				A3B6B80B2D4441F300E27642 /* FoodDetailsView.swift in Sources */,
				A3D605292D04FCBC00846F06 /* CustomAddressView.swift in Sources */,
				A3E7A3A42D11C2400086E0FD /* MenuItem.swift in Sources */,
				A3FFD73B2D3056550099CD1A /* NoficationViewController.swift in Sources */,
				A3AD03602D285FA3005E2F30 /* FoodItemCell.swift in Sources */,
				A3035AB22D15EB45000BF8BF /* PaymentOptionCell.swift in Sources */,
				A3B6B8012D4411B900E27642 /* RestaurantsView.swift in Sources */,
				A3AD033C2D1DC7FC005E2F30 /* CartViewController.swift in Sources */,
				A3D604EC2D01E29F00846F06 /* FavoriteViewController.swift in Sources */,
				A3D604ED2D01E29F00846F06 /* UIImage+Resize.swift in Sources */,
				A3D604EE2D01E29F00846F06 /* UINavigation+Extension.swift in Sources */,
				A3D604EF2D01E29F00846F06 /* HomeCoordinator.swift in Sources */,
				A3035ABB2D175984000BF8BF /* FavoritesManager.swift in Sources */,
				A3D605542D078DDD00846F06 /* PopularItemsCell.swift in Sources */,
				A3AD03492D233C3B005E2F30 /* FooterView.swift in Sources */,
				A3FFD74C2D383E600099CD1A /* LocalizationViewController.swift in Sources */,
				A3B6B8052D4418E100E27642 /* RestaurantsDetailView.swift in Sources */,
				A3D604F72D038B5500846F06 /* DeliveryAddressWithMapViewController.swift in Sources */,
			);
			runOnlyForDeploymentPostprocessing = 0;
		};
/* End PBXSourcesBuildPhase section */

/* Begin PBXVariantGroup section */
		A3D604BB2D01E29F00846F06 /* LaunchScreen.storyboard */ = {
			isa = PBXVariantGroup;
			children = (
				A3D604BA2D01E29F00846F06 /* Base */,
				A3FFD73C2D3149EB0099CD1A /* uk */,
			);
			name = LaunchScreen.storyboard;
			sourceTree = "<group>";
		};
		A3FFD7412D315CF50099CD1A /* Localizable.strings */ = {
			isa = PBXVariantGroup;
			children = (
				A3FFD7422D315CF50099CD1A /* en */,
				A3FFD7442D315F8F0099CD1A /* uk */,
			);
			name = Localizable.strings;
			sourceTree = "<group>";
		};
/* End PBXVariantGroup section */

/* Begin XCBuildConfiguration section */
		A32270CD2CF2A21700D9BEC3 /* Debug */ = {
			isa = XCBuildConfiguration;
			buildSettings = {
				ASSETCATALOG_COMPILER_APPICON_NAME = AppIcon;
				ASSETCATALOG_COMPILER_GLOBAL_ACCENT_COLOR_NAME = AccentColor;
				CODE_SIGN_STYLE = Automatic;
				CURRENT_PROJECT_VERSION = 1;
				DEVELOPMENT_TEAM = CXJSS8KYX5;
				GENERATE_INFOPLIST_FILE = YES;
				INFOPLIST_FILE = "Yum Yum Food/Info.plist";
				INFOPLIST_KEY_NSLocationAlwaysUsageDescription = "Это приложение требует доступа к вашему местоположению для предоставления точной информации о доставке даже когда оно работает в фоновом режиме.";
				INFOPLIST_KEY_NSLocationWhenInUseUsageDescription = "Это приложение требует доступа к вашему местоположению для предоставления точной информации о доставке.";
				INFOPLIST_KEY_UIApplicationSupportsIndirectInputEvents = YES;
				INFOPLIST_KEY_UILaunchStoryboardName = LaunchScreen;
				INFOPLIST_KEY_UIStatusBarStyle = "";
				INFOPLIST_KEY_UISupportedInterfaceOrientations_iPad = "UIInterfaceOrientationPortrait UIInterfaceOrientationPortraitUpsideDown UIInterfaceOrientationLandscapeLeft UIInterfaceOrientationLandscapeRight";
				INFOPLIST_KEY_UISupportedInterfaceOrientations_iPhone = "UIInterfaceOrientationPortrait UIInterfaceOrientationLandscapeLeft UIInterfaceOrientationLandscapeRight";
				IPHONEOS_DEPLOYMENT_TARGET = 18.0;
				LD_RUNPATH_SEARCH_PATHS = (
					"$(inherited)",
					"@executable_path/Frameworks",
				);
				MARKETING_VERSION = 1.0;
				PRODUCT_BUNDLE_IDENTIFIER = "com.example.Yum-Yum-Food";
				PRODUCT_NAME = "$(TARGET_NAME)";
				SWIFT_EMIT_LOC_STRINGS = YES;
				SWIFT_VERSION = 5.0;
				TARGETED_DEVICE_FAMILY = "1,2";
			};
			name = Debug;
		};
		A32270CE2CF2A21700D9BEC3 /* Release */ = {
			isa = XCBuildConfiguration;
			buildSettings = {
				ASSETCATALOG_COMPILER_APPICON_NAME = AppIcon;
				ASSETCATALOG_COMPILER_GLOBAL_ACCENT_COLOR_NAME = AccentColor;
				CODE_SIGN_STYLE = Automatic;
				CURRENT_PROJECT_VERSION = 1;
				DEVELOPMENT_TEAM = CXJSS8KYX5;
				GENERATE_INFOPLIST_FILE = YES;
				INFOPLIST_FILE = "Yum Yum Food/Info.plist";
				INFOPLIST_KEY_NSLocationAlwaysUsageDescription = "Это приложение требует доступа к вашему местоположению для предоставления точной информации о доставке даже когда оно работает в фоновом режиме.";
				INFOPLIST_KEY_NSLocationWhenInUseUsageDescription = "Это приложение требует доступа к вашему местоположению для предоставления точной информации о доставке.";
				INFOPLIST_KEY_UIApplicationSupportsIndirectInputEvents = YES;
				INFOPLIST_KEY_UILaunchStoryboardName = LaunchScreen;
				INFOPLIST_KEY_UIStatusBarStyle = "";
				INFOPLIST_KEY_UISupportedInterfaceOrientations_iPad = "UIInterfaceOrientationPortrait UIInterfaceOrientationPortraitUpsideDown UIInterfaceOrientationLandscapeLeft UIInterfaceOrientationLandscapeRight";
				INFOPLIST_KEY_UISupportedInterfaceOrientations_iPhone = "UIInterfaceOrientationPortrait UIInterfaceOrientationLandscapeLeft UIInterfaceOrientationLandscapeRight";
				IPHONEOS_DEPLOYMENT_TARGET = 18.0;
				LD_RUNPATH_SEARCH_PATHS = (
					"$(inherited)",
					"@executable_path/Frameworks",
				);
				MARKETING_VERSION = 1.0;
				PRODUCT_BUNDLE_IDENTIFIER = "com.example.Yum-Yum-Food";
				PRODUCT_NAME = "$(TARGET_NAME)";
				SWIFT_EMIT_LOC_STRINGS = YES;
				SWIFT_VERSION = 5.0;
				TARGETED_DEVICE_FAMILY = "1,2";
			};
			name = Release;
		};
		A32270CF2CF2A21700D9BEC3 /* Debug */ = {
			isa = XCBuildConfiguration;
			buildSettings = {
				ALWAYS_SEARCH_USER_PATHS = NO;
				ASSETCATALOG_COMPILER_GENERATE_SWIFT_ASSET_SYMBOL_EXTENSIONS = YES;
				CLANG_ANALYZER_LOCALIZABILITY_NONLOCALIZED = YES;
				CLANG_ANALYZER_NONNULL = YES;
				CLANG_ANALYZER_NUMBER_OBJECT_CONVERSION = YES_AGGRESSIVE;
				CLANG_CXX_LANGUAGE_STANDARD = "gnu++20";
				CLANG_ENABLE_MODULES = YES;
				CLANG_ENABLE_OBJC_ARC = YES;
				CLANG_ENABLE_OBJC_WEAK = YES;
				CLANG_WARN_BLOCK_CAPTURE_AUTORELEASING = YES;
				CLANG_WARN_BOOL_CONVERSION = YES;
				CLANG_WARN_COMMA = YES;
				CLANG_WARN_CONSTANT_CONVERSION = YES;
				CLANG_WARN_DEPRECATED_OBJC_IMPLEMENTATIONS = YES;
				CLANG_WARN_DIRECT_OBJC_ISA_USAGE = YES_ERROR;
				CLANG_WARN_DOCUMENTATION_COMMENTS = YES;
				CLANG_WARN_EMPTY_BODY = YES;
				CLANG_WARN_ENUM_CONVERSION = YES;
				CLANG_WARN_INFINITE_RECURSION = YES;
				CLANG_WARN_INT_CONVERSION = YES;
				CLANG_WARN_NON_LITERAL_NULL_CONVERSION = YES;
				CLANG_WARN_OBJC_IMPLICIT_RETAIN_SELF = YES;
				CLANG_WARN_OBJC_LITERAL_CONVERSION = YES;
				CLANG_WARN_OBJC_ROOT_CLASS = YES_ERROR;
				CLANG_WARN_QUOTED_INCLUDE_IN_FRAMEWORK_HEADER = YES;
				CLANG_WARN_RANGE_LOOP_ANALYSIS = YES;
				CLANG_WARN_STRICT_PROTOTYPES = YES;
				CLANG_WARN_SUSPICIOUS_MOVE = YES;
				CLANG_WARN_UNGUARDED_AVAILABILITY = YES_AGGRESSIVE;
				CLANG_WARN_UNREACHABLE_CODE = YES;
				CLANG_WARN__DUPLICATE_METHOD_MATCH = YES;
				COPY_PHASE_STRIP = NO;
				DEBUG_INFORMATION_FORMAT = dwarf;
				ENABLE_STRICT_OBJC_MSGSEND = YES;
				ENABLE_TESTABILITY = YES;
				ENABLE_USER_SCRIPT_SANDBOXING = YES;
				GCC_C_LANGUAGE_STANDARD = gnu17;
				GCC_DYNAMIC_NO_PIC = NO;
				GCC_NO_COMMON_BLOCKS = YES;
				GCC_OPTIMIZATION_LEVEL = 0;
				GCC_PREPROCESSOR_DEFINITIONS = (
					"DEBUG=1",
					"$(inherited)",
				);
				GCC_WARN_64_TO_32_BIT_CONVERSION = YES;
				GCC_WARN_ABOUT_RETURN_TYPE = YES_ERROR;
				GCC_WARN_UNDECLARED_SELECTOR = YES;
				GCC_WARN_UNINITIALIZED_AUTOS = YES_AGGRESSIVE;
				GCC_WARN_UNUSED_FUNCTION = YES;
				GCC_WARN_UNUSED_VARIABLE = YES;
				IPHONEOS_DEPLOYMENT_TARGET = 18.1;
				LOCALIZATION_PREFERS_STRING_CATALOGS = YES;
				MTL_ENABLE_DEBUG_INFO = INCLUDE_SOURCE;
				MTL_FAST_MATH = YES;
				ONLY_ACTIVE_ARCH = YES;
				SDKROOT = iphoneos;
				SWIFT_ACTIVE_COMPILATION_CONDITIONS = "DEBUG $(inherited)";
				SWIFT_OPTIMIZATION_LEVEL = "-Onone";
			};
			name = Debug;
		};
		A32270D02CF2A21700D9BEC3 /* Release */ = {
			isa = XCBuildConfiguration;
			buildSettings = {
				ALWAYS_SEARCH_USER_PATHS = NO;
				ASSETCATALOG_COMPILER_GENERATE_SWIFT_ASSET_SYMBOL_EXTENSIONS = YES;
				CLANG_ANALYZER_LOCALIZABILITY_NONLOCALIZED = YES;
				CLANG_ANALYZER_NONNULL = YES;
				CLANG_ANALYZER_NUMBER_OBJECT_CONVERSION = YES_AGGRESSIVE;
				CLANG_CXX_LANGUAGE_STANDARD = "gnu++20";
				CLANG_ENABLE_MODULES = YES;
				CLANG_ENABLE_OBJC_ARC = YES;
				CLANG_ENABLE_OBJC_WEAK = YES;
				CLANG_WARN_BLOCK_CAPTURE_AUTORELEASING = YES;
				CLANG_WARN_BOOL_CONVERSION = YES;
				CLANG_WARN_COMMA = YES;
				CLANG_WARN_CONSTANT_CONVERSION = YES;
				CLANG_WARN_DEPRECATED_OBJC_IMPLEMENTATIONS = YES;
				CLANG_WARN_DIRECT_OBJC_ISA_USAGE = YES_ERROR;
				CLANG_WARN_DOCUMENTATION_COMMENTS = YES;
				CLANG_WARN_EMPTY_BODY = YES;
				CLANG_WARN_ENUM_CONVERSION = YES;
				CLANG_WARN_INFINITE_RECURSION = YES;
				CLANG_WARN_INT_CONVERSION = YES;
				CLANG_WARN_NON_LITERAL_NULL_CONVERSION = YES;
				CLANG_WARN_OBJC_IMPLICIT_RETAIN_SELF = YES;
				CLANG_WARN_OBJC_LITERAL_CONVERSION = YES;
				CLANG_WARN_OBJC_ROOT_CLASS = YES_ERROR;
				CLANG_WARN_QUOTED_INCLUDE_IN_FRAMEWORK_HEADER = YES;
				CLANG_WARN_RANGE_LOOP_ANALYSIS = YES;
				CLANG_WARN_STRICT_PROTOTYPES = YES;
				CLANG_WARN_SUSPICIOUS_MOVE = YES;
				CLANG_WARN_UNGUARDED_AVAILABILITY = YES_AGGRESSIVE;
				CLANG_WARN_UNREACHABLE_CODE = YES;
				CLANG_WARN__DUPLICATE_METHOD_MATCH = YES;
				COPY_PHASE_STRIP = NO;
				DEBUG_INFORMATION_FORMAT = "dwarf-with-dsym";
				ENABLE_NS_ASSERTIONS = NO;
				ENABLE_STRICT_OBJC_MSGSEND = YES;
				ENABLE_USER_SCRIPT_SANDBOXING = YES;
				GCC_C_LANGUAGE_STANDARD = gnu17;
				GCC_NO_COMMON_BLOCKS = YES;
				GCC_WARN_64_TO_32_BIT_CONVERSION = YES;
				GCC_WARN_ABOUT_RETURN_TYPE = YES_ERROR;
				GCC_WARN_UNDECLARED_SELECTOR = YES;
				GCC_WARN_UNINITIALIZED_AUTOS = YES_AGGRESSIVE;
				GCC_WARN_UNUSED_FUNCTION = YES;
				GCC_WARN_UNUSED_VARIABLE = YES;
				IPHONEOS_DEPLOYMENT_TARGET = 18.1;
				LOCALIZATION_PREFERS_STRING_CATALOGS = YES;
				MTL_ENABLE_DEBUG_INFO = NO;
				MTL_FAST_MATH = YES;
				SDKROOT = iphoneos;
				SWIFT_COMPILATION_MODE = wholemodule;
				VALIDATE_PRODUCT = YES;
			};
			name = Release;
		};
/* End XCBuildConfiguration section */

/* Begin XCConfigurationList section */
		A32270B42CF2A21500D9BEC3 /* Build configuration list for PBXProject "Yum Yum Food" */ = {
			isa = XCConfigurationList;
			buildConfigurations = (
				A32270CF2CF2A21700D9BEC3 /* Debug */,
				A32270D02CF2A21700D9BEC3 /* Release */,
			);
			defaultConfigurationIsVisible = 0;
			defaultConfigurationName = Release;
		};
		A32270CC2CF2A21700D9BEC3 /* Build configuration list for PBXNativeTarget "Yum Yum Food" */ = {
			isa = XCConfigurationList;
			buildConfigurations = (
				A32270CD2CF2A21700D9BEC3 /* Debug */,
				A32270CE2CF2A21700D9BEC3 /* Release */,
			);
			defaultConfigurationIsVisible = 0;
			defaultConfigurationName = Release;
		};
/* End XCConfigurationList section */

/* Begin XCRemoteSwiftPackageReference section */
		A32270D12CF2AA6B00D9BEC3 /* XCRemoteSwiftPackageReference "SnapKit" */ = {
			isa = XCRemoteSwiftPackageReference;
			repositoryURL = "https://github.com/SnapKit/SnapKit";
			requirement = {
				kind = upToNextMajorVersion;
				minimumVersion = 5.7.1;
			};
		};
		A35B25FA2D0E464D004C4B69 /* XCRemoteSwiftPackageReference "SDWebImage" */ = {
			isa = XCRemoteSwiftPackageReference;
			repositoryURL = "https://github.com/SDWebImage/SDWebImage";
			requirement = {
				kind = upToNextMajorVersion;
				minimumVersion = 5.20.0;
			};
		};
		A3C20E6C2CF61E300082E881 /* XCRemoteSwiftPackageReference "SkyFloatingLabelTextField" */ = {
			isa = XCRemoteSwiftPackageReference;
			repositoryURL = "https://github.com/Skyscanner/SkyFloatingLabelTextField";
			requirement = {
				kind = upToNextMajorVersion;
				minimumVersion = 4.0.0;
			};
		};
		A3C20E762CF7D4A60082E881 /* XCRemoteSwiftPackageReference "firebase-ios-sdk" */ = {
			isa = XCRemoteSwiftPackageReference;
			repositoryURL = "https://github.com/firebase/firebase-ios-sdk";
			requirement = {
				kind = upToNextMajorVersion;
				minimumVersion = 11.5.0;
			};
		};
/* End XCRemoteSwiftPackageReference section */

/* Begin XCSwiftPackageProductDependency section */
		A32270D22CF2AA6B00D9BEC3 /* SnapKit */ = {
			isa = XCSwiftPackageProductDependency;
			package = A32270D12CF2AA6B00D9BEC3 /* XCRemoteSwiftPackageReference "SnapKit" */;
			productName = SnapKit;
		};
		A35B25FB2D0E464D004C4B69 /* SDWebImage */ = {
			isa = XCSwiftPackageProductDependency;
			package = A35B25FA2D0E464D004C4B69 /* XCRemoteSwiftPackageReference "SDWebImage" */;
			productName = SDWebImage;
		};
		A35B25FD2D0E464D004C4B69 /* SDWebImageMapKit */ = {
			isa = XCSwiftPackageProductDependency;
			package = A35B25FA2D0E464D004C4B69 /* XCRemoteSwiftPackageReference "SDWebImage" */;
			productName = SDWebImageMapKit;
		};
		A3C20E6D2CF61E300082E881 /* SkyFloatingLabelTextField */ = {
			isa = XCSwiftPackageProductDependency;
			package = A3C20E6C2CF61E300082E881 /* XCRemoteSwiftPackageReference "SkyFloatingLabelTextField" */;
			productName = SkyFloatingLabelTextField;
		};
		A3C20E7A2CF7D6F50082E881 /* FirebaseAuth */ = {
			isa = XCSwiftPackageProductDependency;
			package = A3C20E762CF7D4A60082E881 /* XCRemoteSwiftPackageReference "firebase-ios-sdk" */;
			productName = FirebaseAuth;
		};
		A3C20E7C2CF7D7060082E881 /* FirebaseCore */ = {
			isa = XCSwiftPackageProductDependency;
			package = A3C20E762CF7D4A60082E881 /* XCRemoteSwiftPackageReference "firebase-ios-sdk" */;
			productName = FirebaseCore;
		};
		A3C20E7E2CF7D72B0082E881 /* FirebaseDatabase */ = {
			isa = XCSwiftPackageProductDependency;
			package = A3C20E762CF7D4A60082E881 /* XCRemoteSwiftPackageReference "firebase-ios-sdk" */;
			productName = FirebaseDatabase;
		};
		A3C20E802CF7D73A0082E881 /* FirebaseStorage */ = {
			isa = XCSwiftPackageProductDependency;
			package = A3C20E762CF7D4A60082E881 /* XCRemoteSwiftPackageReference "firebase-ios-sdk" */;
			productName = FirebaseStorage;
		};
		A3D604F42D0240C300846F06 /* FirebaseFirestore */ = {
			isa = XCSwiftPackageProductDependency;
			package = A3C20E762CF7D4A60082E881 /* XCRemoteSwiftPackageReference "firebase-ios-sdk" */;
			productName = FirebaseFirestore;
		};
/* End XCSwiftPackageProductDependency section */
	};
	rootObject = A32270B12CF2A21500D9BEC3 /* Project object */;
}
