// !$*UTF8*$!
{
	archiveVersion = 1;
	classes = {
	};
	objectVersion = 77;
	objects = {

/* Begin PBXBuildFile section */
		A30881D42CFFAEBC00FDA87D /* OrderViewController.swift in Sources */ = {isa = PBXBuildFile; fileRef = A30881D32CFFAEBC00FDA87D /* OrderViewController.swift */; };
		A30881D62CFFB1FD00FDA87D /* PaymentsViewController.swift in Sources */ = {isa = PBXBuildFile; fileRef = A30881D52CFFB1FD00FDA87D /* PaymentsViewController.swift */; };
		A30881D82CFFB21100FDA87D /* SettingsViewController.swift in Sources */ = {isa = PBXBuildFile; fileRef = A30881D72CFFB21100FDA87D /* SettingsViewController.swift */; };
		A30881DA2CFFB22C00FDA87D /* ContactViewController.swift in Sources */ = {isa = PBXBuildFile; fileRef = A30881D92CFFB22C00FDA87D /* ContactViewController.swift */; };
		A30881DC2CFFB41100FDA87D /* UserProfileViewController.swift in Sources */ = {isa = PBXBuildFile; fileRef = A30881DB2CFFB41100FDA87D /* UserProfileViewController.swift */; };
		A30881DE2D00F85100FDA87D /* HelpFAQViewController.swift in Sources */ = {isa = PBXBuildFile; fileRef = A30881DD2D00F85100FDA87D /* HelpFAQViewController.swift */; };
		A32270D32CF2AA6B00D9BEC3 /* SnapKit in Frameworks */ = {isa = PBXBuildFile; productRef = A32270D22CF2AA6B00D9BEC3 /* SnapKit */; };
		A3C20E402CF60F760082E881 /* Rubik-Black.ttf in Resources */ = {isa = PBXBuildFile; fileRef = A3C20E272CF60F760082E881 /* Rubik-Black.ttf */; };
		A3C20E412CF60F760082E881 /* Rubik-BlackItalic.ttf in Resources */ = {isa = PBXBuildFile; fileRef = A3C20E282CF60F760082E881 /* Rubik-BlackItalic.ttf */; };
		A3C20E422CF60F760082E881 /* Rubik-Bold.ttf in Resources */ = {isa = PBXBuildFile; fileRef = A3C20E292CF60F760082E881 /* Rubik-Bold.ttf */; };
		A3C20E432CF60F760082E881 /* Rubik-BoldItalic.ttf in Resources */ = {isa = PBXBuildFile; fileRef = A3C20E2A2CF60F760082E881 /* Rubik-BoldItalic.ttf */; };
		A3C20E442CF60F760082E881 /* Rubik-ExtraBold.ttf in Resources */ = {isa = PBXBuildFile; fileRef = A3C20E2B2CF60F760082E881 /* Rubik-ExtraBold.ttf */; };
		A3C20E452CF60F760082E881 /* Rubik-ExtraBoldItalic.ttf in Resources */ = {isa = PBXBuildFile; fileRef = A3C20E2C2CF60F760082E881 /* Rubik-ExtraBoldItalic.ttf */; };
		A3C20E462CF60F760082E881 /* Rubik-Italic.ttf in Resources */ = {isa = PBXBuildFile; fileRef = A3C20E2D2CF60F760082E881 /* Rubik-Italic.ttf */; };
		A3C20E472CF60F760082E881 /* Rubik-Light.ttf in Resources */ = {isa = PBXBuildFile; fileRef = A3C20E2E2CF60F760082E881 /* Rubik-Light.ttf */; };
		A3C20E482CF60F760082E881 /* Rubik-LightItalic.ttf in Resources */ = {isa = PBXBuildFile; fileRef = A3C20E2F2CF60F760082E881 /* Rubik-LightItalic.ttf */; };
		A3C20E492CF60F760082E881 /* Rubik-Medium.ttf in Resources */ = {isa = PBXBuildFile; fileRef = A3C20E302CF60F760082E881 /* Rubik-Medium.ttf */; };
		A3C20E4A2CF60F760082E881 /* Rubik-MediumItalic.ttf in Resources */ = {isa = PBXBuildFile; fileRef = A3C20E312CF60F760082E881 /* Rubik-MediumItalic.ttf */; };
		A3C20E4B2CF60F760082E881 /* Rubik-Regular.ttf in Resources */ = {isa = PBXBuildFile; fileRef = A3C20E322CF60F760082E881 /* Rubik-Regular.ttf */; };
		A3C20E4C2CF60F760082E881 /* Rubik-SemiBold.ttf in Resources */ = {isa = PBXBuildFile; fileRef = A3C20E332CF60F760082E881 /* Rubik-SemiBold.ttf */; };
		A3C20E4D2CF60F760082E881 /* Rubik-SemiBoldItalic.ttf in Resources */ = {isa = PBXBuildFile; fileRef = A3C20E342CF60F760082E881 /* Rubik-SemiBoldItalic.ttf */; };
		A3C20E4E2CF60F760082E881 /* Assets.xcassets in Resources */ = {isa = PBXBuildFile; fileRef = A3C20E3A2CF60F760082E881 /* Assets.xcassets */; };
		A3C20E502CF60F760082E881 /* LaunchScreen.storyboard in Resources */ = {isa = PBXBuildFile; fileRef = A3C20E3D2CF60F760082E881 /* LaunchScreen.storyboard */; };
		A3C20E512CF60F760082E881 /* HomeViewController.swift in Sources */ = {isa = PBXBuildFile; fileRef = A3C20E092CF60F760082E881 /* HomeViewController.swift */; };
		A3C20E522CF60F760082E881 /* FavoriteViewController.swift in Sources */ = {isa = PBXBuildFile; fileRef = A3C20E0B2CF60F760082E881 /* FavoriteViewController.swift */; };
		A3C20E532CF60F760082E881 /* LoginViewController.swift in Sources */ = {isa = PBXBuildFile; fileRef = A3C20E0D2CF60F760082E881 /* LoginViewController.swift */; };
		A3C20E542CF60F760082E881 /* ProfileViewController.swift in Sources */ = {isa = PBXBuildFile; fileRef = A3C20E0F2CF60F760082E881 /* ProfileViewController.swift */; };
		A3C20E552CF60F760082E881 /* SearchViewController.swift in Sources */ = {isa = PBXBuildFile; fileRef = A3C20E112CF60F760082E881 /* SearchViewController.swift */; };
		A3C20E562CF60F760082E881 /* WelcomeViewController.swift in Sources */ = {isa = PBXBuildFile; fileRef = A3C20E132CF60F760082E881 /* WelcomeViewController.swift */; };
		A3C20E572CF60F760082E881 /* RestaurantsViewController.swift in Sources */ = {isa = PBXBuildFile; fileRef = A3C20E162CF60F760082E881 /* RestaurantsViewController.swift */; };
		A3C20E582CF60F760082E881 /* MainTabBarController.swift in Sources */ = {isa = PBXBuildFile; fileRef = A3C20E182CF60F760082E881 /* MainTabBarController.swift */; };
		A3C20E592CF60F760082E881 /* Coordinator.swift in Sources */ = {isa = PBXBuildFile; fileRef = A3C20E1B2CF60F760082E881 /* Coordinator.swift */; };
		A3C20E5A2CF60F760082E881 /* FavoriteCoordinator.swift in Sources */ = {isa = PBXBuildFile; fileRef = A3C20E1C2CF60F760082E881 /* FavoriteCoordinator.swift */; };
		A3C20E5B2CF60F760082E881 /* HomeCoordinator.swift in Sources */ = {isa = PBXBuildFile; fileRef = A3C20E1D2CF60F760082E881 /* HomeCoordinator.swift */; };
		A3C20E5C2CF60F760082E881 /* ProfileCoordinator.swift in Sources */ = {isa = PBXBuildFile; fileRef = A3C20E1E2CF60F760082E881 /* ProfileCoordinator.swift */; };
		A3C20E5D2CF60F760082E881 /* RestaurantsCoordinator.swift in Sources */ = {isa = PBXBuildFile; fileRef = A3C20E1F2CF60F760082E881 /* RestaurantsCoordinator.swift */; };
		A3C20E5E2CF60F760082E881 /* SearchCoordinator.swift in Sources */ = {isa = PBXBuildFile; fileRef = A3C20E202CF60F760082E881 /* SearchCoordinator.swift */; };
		A3C20E5F2CF60F760082E881 /* UIColor+Extension.swift in Sources */ = {isa = PBXBuildFile; fileRef = A3C20E222CF60F760082E881 /* UIColor+Extension.swift */; };
		A3C20E602CF60F760082E881 /* UIFont+Extension.swift in Sources */ = {isa = PBXBuildFile; fileRef = A3C20E232CF60F760082E881 /* UIFont+Extension.swift */; };
		A3C20E612CF60F760082E881 /* UIImage+Resize.swift in Sources */ = {isa = PBXBuildFile; fileRef = A3C20E242CF60F760082E881 /* UIImage+Resize.swift */; };
		A3C20E622CF60F760082E881 /* AppColors.swift in Sources */ = {isa = PBXBuildFile; fileRef = A3C20E372CF60F760082E881 /* AppColors.swift */; };
		A3C20E632CF60F760082E881 /* AppDelegate.swift in Sources */ = {isa = PBXBuildFile; fileRef = A3C20E392CF60F760082E881 /* AppDelegate.swift */; };
		A3C20E642CF60F760082E881 /* SceneDelegate.swift in Sources */ = {isa = PBXBuildFile; fileRef = A3C20E3E2CF60F760082E881 /* SceneDelegate.swift */; };
		A3C20E6E2CF61E300082E881 /* SkyFloatingLabelTextField in Frameworks */ = {isa = PBXBuildFile; productRef = A3C20E6D2CF61E300082E881 /* SkyFloatingLabelTextField */; };
		A3C20E702CF6266B0082E881 /* SkyFloatingLabelTextField+Extensions.swift in Sources */ = {isa = PBXBuildFile; fileRef = A3C20E6F2CF6266B0082E881 /* SkyFloatingLabelTextField+Extensions.swift */; };
		A3C20E732CF74AEF0082E881 /* SignInViewController.swift in Sources */ = {isa = PBXBuildFile; fileRef = A3C20E712CF74AEF0082E881 /* SignInViewController.swift */; };
		A3C20E7B2CF7D6F50082E881 /* FirebaseAuth in Frameworks */ = {isa = PBXBuildFile; productRef = A3C20E7A2CF7D6F50082E881 /* FirebaseAuth */; };
		A3C20E7D2CF7D7060082E881 /* FirebaseCore in Frameworks */ = {isa = PBXBuildFile; productRef = A3C20E7C2CF7D7060082E881 /* FirebaseCore */; };
		A3C20E7F2CF7D72B0082E881 /* FirebaseDatabase in Frameworks */ = {isa = PBXBuildFile; productRef = A3C20E7E2CF7D72B0082E881 /* FirebaseDatabase */; };
		A3C20E812CF7D73A0082E881 /* FirebaseStorage in Frameworks */ = {isa = PBXBuildFile; productRef = A3C20E802CF7D73A0082E881 /* FirebaseStorage */; };
		A3C20E832CF7DB680082E881 /* GoogleService-Info.plist in Resources */ = {isa = PBXBuildFile; fileRef = A3C20E822CF7DB680082E881 /* GoogleService-Info.plist */; };
		A3C421342CF8934200A53BD8 /* AuthService.swift in Sources */ = {isa = PBXBuildFile; fileRef = A3C421332CF8934200A53BD8 /* AuthService.swift */; };
		A3C421362CF8940D00A53BD8 /* UserData.swift in Sources */ = {isa = PBXBuildFile; fileRef = A3C421352CF8940D00A53BD8 /* UserData.swift */; };
		A3C4214F2CFBE00D00A53BD8 /* UserOption.swift in Sources */ = {isa = PBXBuildFile; fileRef = A3C4214E2CFBE00D00A53BD8 /* UserOption.swift */; };
/* End PBXBuildFile section */

/* Begin PBXFileReference section */
		A30881D32CFFAEBC00FDA87D /* OrderViewController.swift */ = {isa = PBXFileReference; lastKnownFileType = sourcecode.swift; path = OrderViewController.swift; sourceTree = "<group>"; };
		A30881D52CFFB1FD00FDA87D /* PaymentsViewController.swift */ = {isa = PBXFileReference; lastKnownFileType = sourcecode.swift; path = PaymentsViewController.swift; sourceTree = "<group>"; };
		A30881D72CFFB21100FDA87D /* SettingsViewController.swift */ = {isa = PBXFileReference; lastKnownFileType = sourcecode.swift; path = SettingsViewController.swift; sourceTree = "<group>"; };
		A30881D92CFFB22C00FDA87D /* ContactViewController.swift */ = {isa = PBXFileReference; lastKnownFileType = sourcecode.swift; path = ContactViewController.swift; sourceTree = "<group>"; };
		A30881DB2CFFB41100FDA87D /* UserProfileViewController.swift */ = {isa = PBXFileReference; lastKnownFileType = sourcecode.swift; path = UserProfileViewController.swift; sourceTree = "<group>"; };
		A30881DD2D00F85100FDA87D /* HelpFAQViewController.swift */ = {isa = PBXFileReference; lastKnownFileType = sourcecode.swift; path = HelpFAQViewController.swift; sourceTree = "<group>"; };
		A32270B92CF2A21500D9BEC3 /* Yum Yum Food.app */ = {isa = PBXFileReference; explicitFileType = wrapper.application; includeInIndex = 0; path = "Yum Yum Food.app"; sourceTree = BUILT_PRODUCTS_DIR; };
		A3C20E092CF60F760082E881 /* HomeViewController.swift */ = {isa = PBXFileReference; lastKnownFileType = sourcecode.swift; path = HomeViewController.swift; sourceTree = "<group>"; };
		A3C20E0B2CF60F760082E881 /* FavoriteViewController.swift */ = {isa = PBXFileReference; lastKnownFileType = sourcecode.swift; path = FavoriteViewController.swift; sourceTree = "<group>"; };
		A3C20E0D2CF60F760082E881 /* LoginViewController.swift */ = {isa = PBXFileReference; lastKnownFileType = sourcecode.swift; path = LoginViewController.swift; sourceTree = "<group>"; };
		A3C20E0F2CF60F760082E881 /* ProfileViewController.swift */ = {isa = PBXFileReference; lastKnownFileType = sourcecode.swift; path = ProfileViewController.swift; sourceTree = "<group>"; };
		A3C20E112CF60F760082E881 /* SearchViewController.swift */ = {isa = PBXFileReference; lastKnownFileType = sourcecode.swift; path = SearchViewController.swift; sourceTree = "<group>"; };
		A3C20E132CF60F760082E881 /* WelcomeViewController.swift */ = {isa = PBXFileReference; lastKnownFileType = sourcecode.swift; path = WelcomeViewController.swift; sourceTree = "<group>"; };
		A3C20E162CF60F760082E881 /* RestaurantsViewController.swift */ = {isa = PBXFileReference; lastKnownFileType = sourcecode.swift; path = RestaurantsViewController.swift; sourceTree = "<group>"; };
		A3C20E182CF60F760082E881 /* MainTabBarController.swift */ = {isa = PBXFileReference; lastKnownFileType = sourcecode.swift; path = MainTabBarController.swift; sourceTree = "<group>"; };
		A3C20E1B2CF60F760082E881 /* Coordinator.swift */ = {isa = PBXFileReference; lastKnownFileType = sourcecode.swift; path = Coordinator.swift; sourceTree = "<group>"; };
		A3C20E1C2CF60F760082E881 /* FavoriteCoordinator.swift */ = {isa = PBXFileReference; lastKnownFileType = sourcecode.swift; path = FavoriteCoordinator.swift; sourceTree = "<group>"; };
		A3C20E1D2CF60F760082E881 /* HomeCoordinator.swift */ = {isa = PBXFileReference; lastKnownFileType = sourcecode.swift; path = HomeCoordinator.swift; sourceTree = "<group>"; };
		A3C20E1E2CF60F760082E881 /* ProfileCoordinator.swift */ = {isa = PBXFileReference; lastKnownFileType = sourcecode.swift; path = ProfileCoordinator.swift; sourceTree = "<group>"; };
		A3C20E1F2CF60F760082E881 /* RestaurantsCoordinator.swift */ = {isa = PBXFileReference; lastKnownFileType = sourcecode.swift; path = RestaurantsCoordinator.swift; sourceTree = "<group>"; };
		A3C20E202CF60F760082E881 /* SearchCoordinator.swift */ = {isa = PBXFileReference; lastKnownFileType = sourcecode.swift; path = SearchCoordinator.swift; sourceTree = "<group>"; };
		A3C20E222CF60F760082E881 /* UIColor+Extension.swift */ = {isa = PBXFileReference; lastKnownFileType = sourcecode.swift; path = "UIColor+Extension.swift"; sourceTree = "<group>"; };
		A3C20E232CF60F760082E881 /* UIFont+Extension.swift */ = {isa = PBXFileReference; lastKnownFileType = sourcecode.swift; path = "UIFont+Extension.swift"; sourceTree = "<group>"; };
		A3C20E242CF60F760082E881 /* UIImage+Resize.swift */ = {isa = PBXFileReference; lastKnownFileType = sourcecode.swift; path = "UIImage+Resize.swift"; sourceTree = "<group>"; };
		A3C20E272CF60F760082E881 /* Rubik-Black.ttf */ = {isa = PBXFileReference; lastKnownFileType = file; path = "Rubik-Black.ttf"; sourceTree = "<group>"; };
		A3C20E282CF60F760082E881 /* Rubik-BlackItalic.ttf */ = {isa = PBXFileReference; lastKnownFileType = file; path = "Rubik-BlackItalic.ttf"; sourceTree = "<group>"; };
		A3C20E292CF60F760082E881 /* Rubik-Bold.ttf */ = {isa = PBXFileReference; lastKnownFileType = file; path = "Rubik-Bold.ttf"; sourceTree = "<group>"; };
		A3C20E2A2CF60F760082E881 /* Rubik-BoldItalic.ttf */ = {isa = PBXFileReference; lastKnownFileType = file; path = "Rubik-BoldItalic.ttf"; sourceTree = "<group>"; };
		A3C20E2B2CF60F760082E881 /* Rubik-ExtraBold.ttf */ = {isa = PBXFileReference; lastKnownFileType = file; path = "Rubik-ExtraBold.ttf"; sourceTree = "<group>"; };
		A3C20E2C2CF60F760082E881 /* Rubik-ExtraBoldItalic.ttf */ = {isa = PBXFileReference; lastKnownFileType = file; path = "Rubik-ExtraBoldItalic.ttf"; sourceTree = "<group>"; };
		A3C20E2D2CF60F760082E881 /* Rubik-Italic.ttf */ = {isa = PBXFileReference; lastKnownFileType = file; path = "Rubik-Italic.ttf"; sourceTree = "<group>"; };
		A3C20E2E2CF60F760082E881 /* Rubik-Light.ttf */ = {isa = PBXFileReference; lastKnownFileType = file; path = "Rubik-Light.ttf"; sourceTree = "<group>"; };
		A3C20E2F2CF60F760082E881 /* Rubik-LightItalic.ttf */ = {isa = PBXFileReference; lastKnownFileType = file; path = "Rubik-LightItalic.ttf"; sourceTree = "<group>"; };
		A3C20E302CF60F760082E881 /* Rubik-Medium.ttf */ = {isa = PBXFileReference; lastKnownFileType = file; path = "Rubik-Medium.ttf"; sourceTree = "<group>"; };
		A3C20E312CF60F760082E881 /* Rubik-MediumItalic.ttf */ = {isa = PBXFileReference; lastKnownFileType = file; path = "Rubik-MediumItalic.ttf"; sourceTree = "<group>"; };
		A3C20E322CF60F760082E881 /* Rubik-Regular.ttf */ = {isa = PBXFileReference; lastKnownFileType = file; path = "Rubik-Regular.ttf"; sourceTree = "<group>"; };
		A3C20E332CF60F760082E881 /* Rubik-SemiBold.ttf */ = {isa = PBXFileReference; lastKnownFileType = file; path = "Rubik-SemiBold.ttf"; sourceTree = "<group>"; };
		A3C20E342CF60F760082E881 /* Rubik-SemiBoldItalic.ttf */ = {isa = PBXFileReference; lastKnownFileType = file; path = "Rubik-SemiBoldItalic.ttf"; sourceTree = "<group>"; };
		A3C20E372CF60F760082E881 /* AppColors.swift */ = {isa = PBXFileReference; lastKnownFileType = sourcecode.swift; path = AppColors.swift; sourceTree = "<group>"; };
		A3C20E392CF60F760082E881 /* AppDelegate.swift */ = {isa = PBXFileReference; lastKnownFileType = sourcecode.swift; path = AppDelegate.swift; sourceTree = "<group>"; };
		A3C20E3A2CF60F760082E881 /* Assets.xcassets */ = {isa = PBXFileReference; lastKnownFileType = folder.assetcatalog; path = Assets.xcassets; sourceTree = "<group>"; };
		A3C20E3B2CF60F760082E881 /* Info.plist */ = {isa = PBXFileReference; lastKnownFileType = text.plist.xml; path = Info.plist; sourceTree = "<group>"; };
		A3C20E3C2CF60F760082E881 /* Base */ = {isa = PBXFileReference; lastKnownFileType = file.storyboard; name = Base; path = Base.lproj/LaunchScreen.storyboard; sourceTree = "<group>"; };
		A3C20E3E2CF60F760082E881 /* SceneDelegate.swift */ = {isa = PBXFileReference; lastKnownFileType = sourcecode.swift; path = SceneDelegate.swift; sourceTree = "<group>"; };
		A3C20E6F2CF6266B0082E881 /* SkyFloatingLabelTextField+Extensions.swift */ = {isa = PBXFileReference; lastKnownFileType = sourcecode.swift; path = "SkyFloatingLabelTextField+Extensions.swift"; sourceTree = "<group>"; };
		A3C20E712CF74AEF0082E881 /* SignInViewController.swift */ = {isa = PBXFileReference; lastKnownFileType = sourcecode.swift; path = SignInViewController.swift; sourceTree = "<group>"; };
		A3C20E822CF7DB680082E881 /* GoogleService-Info.plist */ = {isa = PBXFileReference; lastKnownFileType = text.plist.xml; path = "GoogleService-Info.plist"; sourceTree = "<group>"; };
		A3C421332CF8934200A53BD8 /* AuthService.swift */ = {isa = PBXFileReference; lastKnownFileType = sourcecode.swift; path = AuthService.swift; sourceTree = "<group>"; };
		A3C421352CF8940D00A53BD8 /* UserData.swift */ = {isa = PBXFileReference; lastKnownFileType = sourcecode.swift; path = UserData.swift; sourceTree = "<group>"; };
		A3C4214E2CFBE00D00A53BD8 /* UserOption.swift */ = {isa = PBXFileReference; lastKnownFileType = sourcecode.swift; path = UserOption.swift; sourceTree = "<group>"; };
/* End PBXFileReference section */

/* Begin PBXFrameworksBuildPhase section */
		A32270B62CF2A21500D9BEC3 /* Frameworks */ = {
			isa = PBXFrameworksBuildPhase;
			buildActionMask = 2147483647;
			files = (
				A3C20E7F2CF7D72B0082E881 /* FirebaseDatabase in Frameworks */,
				A32270D32CF2AA6B00D9BEC3 /* SnapKit in Frameworks */,
				A3C20E7B2CF7D6F50082E881 /* FirebaseAuth in Frameworks */,
				A3C20E7D2CF7D7060082E881 /* FirebaseCore in Frameworks */,
				A3C20E6E2CF61E300082E881 /* SkyFloatingLabelTextField in Frameworks */,
				A3C20E812CF7D73A0082E881 /* FirebaseStorage in Frameworks */,
			);
			runOnlyForDeploymentPostprocessing = 0;
		};
/* End PBXFrameworksBuildPhase section */

/* Begin PBXGroup section */
		A32270B02CF2A21500D9BEC3 = {
			isa = PBXGroup;
			children = (
				A3C20E3F2CF60F760082E881 /* Yum Yum Food */,
				A3C20E792CF7D6F50082E881 /* Frameworks */,
				A32270BA2CF2A21500D9BEC3 /* Products */,
			);
			sourceTree = "<group>";
		};
		A32270BA2CF2A21500D9BEC3 /* Products */ = {
			isa = PBXGroup;
			children = (
				A32270B92CF2A21500D9BEC3 /* Yum Yum Food.app */,
			);
			name = Products;
			sourceTree = "<group>";
		};
		A3C20E0A2CF60F760082E881 /* Home */ = {
			isa = PBXGroup;
			children = (
				A3C20E092CF60F760082E881 /* HomeViewController.swift */,
			);
			path = Home;
			sourceTree = "<group>";
		};
		A3C20E0C2CF60F760082E881 /* Favorite */ = {
			isa = PBXGroup;
			children = (
				A3C20E0B2CF60F760082E881 /* FavoriteViewController.swift */,
			);
			path = Favorite;
			sourceTree = "<group>";
		};
		A3C20E0E2CF60F760082E881 /* Login */ = {
			isa = PBXGroup;
			children = (
				A3C20E0D2CF60F760082E881 /* LoginViewController.swift */,
			);
			path = Login;
			sourceTree = "<group>";
		};
		A3C20E102CF60F760082E881 /* Profile */ = {
			isa = PBXGroup;
			children = (
				A3C20E0F2CF60F760082E881 /* ProfileViewController.swift */,
				A30881D32CFFAEBC00FDA87D /* OrderViewController.swift */,
				A30881D52CFFB1FD00FDA87D /* PaymentsViewController.swift */,
				A30881D72CFFB21100FDA87D /* SettingsViewController.swift */,
				A30881D92CFFB22C00FDA87D /* ContactViewController.swift */,
				A30881DB2CFFB41100FDA87D /* UserProfileViewController.swift */,
				A30881DD2D00F85100FDA87D /* HelpFAQViewController.swift */,
			);
			path = Profile;
			sourceTree = "<group>";
		};
		A3C20E122CF60F760082E881 /* Search */ = {
			isa = PBXGroup;
			children = (
				A3C20E112CF60F760082E881 /* SearchViewController.swift */,
			);
			path = Search;
			sourceTree = "<group>";
		};
		A3C20E142CF60F760082E881 /* Welcome */ = {
			isa = PBXGroup;
			children = (
				A3C20E132CF60F760082E881 /* WelcomeViewController.swift */,
			);
			path = Welcome;
			sourceTree = "<group>";
		};
		A3C20E152CF60F760082E881 /* Login */ = {
			isa = PBXGroup;
			children = (
				A3C20E722CF74AEF0082E881 /* Sign in */,
				A3C20E0E2CF60F760082E881 /* Login */,
				A3C20E142CF60F760082E881 /* Welcome */,
			);
			path = Login;
			sourceTree = "<group>";
		};
		A3C20E172CF60F760082E881 /* Restaurants */ = {
			isa = PBXGroup;
			children = (
				A3C20E162CF60F760082E881 /* RestaurantsViewController.swift */,
			);
			path = Restaurants;
			sourceTree = "<group>";
		};
		A3C20E192CF60F760082E881 /* TabBar */ = {
			isa = PBXGroup;
			children = (
				A3C20E182CF60F760082E881 /* MainTabBarController.swift */,
			);
			path = TabBar;
			sourceTree = "<group>";
		};
		A3C20E1A2CF60F760082E881 /* Controllers */ = {
			isa = PBXGroup;
			children = (
				A3C20E0A2CF60F760082E881 /* Home */,
				A3C20E172CF60F760082E881 /* Restaurants */,
				A3C20E122CF60F760082E881 /* Search */,
				A3C20E0C2CF60F760082E881 /* Favorite */,
				A3C20E102CF60F760082E881 /* Profile */,
				A3C20E152CF60F760082E881 /* Login */,
				A3C20E192CF60F760082E881 /* TabBar */,
			);
			path = Controllers;
			sourceTree = "<group>";
		};
		A3C20E212CF60F760082E881 /* Coordinators */ = {
			isa = PBXGroup;
			children = (
				A3C20E1B2CF60F760082E881 /* Coordinator.swift */,
				A3C20E1C2CF60F760082E881 /* FavoriteCoordinator.swift */,
				A3C20E1D2CF60F760082E881 /* HomeCoordinator.swift */,
				A3C20E1E2CF60F760082E881 /* ProfileCoordinator.swift */,
				A3C20E1F2CF60F760082E881 /* RestaurantsCoordinator.swift */,
				A3C20E202CF60F760082E881 /* SearchCoordinator.swift */,
			);
			path = Coordinators;
			sourceTree = "<group>";
		};
		A3C20E252CF60F760082E881 /* Extensions */ = {
			isa = PBXGroup;
			children = (
				A3C20E222CF60F760082E881 /* UIColor+Extension.swift */,
				A3C20E232CF60F760082E881 /* UIFont+Extension.swift */,
				A3C20E242CF60F760082E881 /* UIImage+Resize.swift */,
				A3C20E6F2CF6266B0082E881 /* SkyFloatingLabelTextField+Extensions.swift */,
			);
			path = Extensions;
			sourceTree = "<group>";
		};
		A3C20E262CF60F760082E881 /* Models */ = {
			isa = PBXGroup;
			children = (
				A3C421352CF8940D00A53BD8 /* UserData.swift */,
				A3C4214E2CFBE00D00A53BD8 /* UserOption.swift */,
			);
			path = Models;
			sourceTree = "<group>";
		};
		A3C20E352CF60F760082E881 /* Rubik */ = {
			isa = PBXGroup;
			children = (
				A3C20E272CF60F760082E881 /* Rubik-Black.ttf */,
				A3C20E282CF60F760082E881 /* Rubik-BlackItalic.ttf */,
				A3C20E292CF60F760082E881 /* Rubik-Bold.ttf */,
				A3C20E2A2CF60F760082E881 /* Rubik-BoldItalic.ttf */,
				A3C20E2B2CF60F760082E881 /* Rubik-ExtraBold.ttf */,
				A3C20E2C2CF60F760082E881 /* Rubik-ExtraBoldItalic.ttf */,
				A3C20E2D2CF60F760082E881 /* Rubik-Italic.ttf */,
				A3C20E2E2CF60F760082E881 /* Rubik-Light.ttf */,
				A3C20E2F2CF60F760082E881 /* Rubik-LightItalic.ttf */,
				A3C20E302CF60F760082E881 /* Rubik-Medium.ttf */,
				A3C20E312CF60F760082E881 /* Rubik-MediumItalic.ttf */,
				A3C20E322CF60F760082E881 /* Rubik-Regular.ttf */,
				A3C20E332CF60F760082E881 /* Rubik-SemiBold.ttf */,
				A3C20E342CF60F760082E881 /* Rubik-SemiBoldItalic.ttf */,
			);
			path = Rubik;
			sourceTree = "<group>";
		};
		A3C20E362CF60F760082E881 /* Fonts */ = {
			isa = PBXGroup;
			children = (
				A3C20E352CF60F760082E881 /* Rubik */,
			);
			path = Fonts;
			sourceTree = "<group>";
		};
		A3C20E382CF60F760082E881 /* Resources */ = {
			isa = PBXGroup;
			children = (
				A3C20E362CF60F760082E881 /* Fonts */,
				A3C20E372CF60F760082E881 /* AppColors.swift */,
			);
			path = Resources;
			sourceTree = "<group>";
		};
		A3C20E3F2CF60F760082E881 /* Yum Yum Food */ = {
			isa = PBXGroup;
			children = (
				A3C4214D2CFBDEA700A53BD8 /* Views */,
				A3C421322CF8929400A53BD8 /* Services */,
				A3C20E1A2CF60F760082E881 /* Controllers */,
				A3C20E212CF60F760082E881 /* Coordinators */,
				A3C20E252CF60F760082E881 /* Extensions */,
				A3C20E262CF60F760082E881 /* Models */,
				A3C20E382CF60F760082E881 /* Resources */,
				A3C20E392CF60F760082E881 /* AppDelegate.swift */,
				A3C20E3A2CF60F760082E881 /* Assets.xcassets */,
				A3C20E3B2CF60F760082E881 /* Info.plist */,
				A3C20E822CF7DB680082E881 /* GoogleService-Info.plist */,
				A3C20E3D2CF60F760082E881 /* LaunchScreen.storyboard */,
				A3C20E3E2CF60F760082E881 /* SceneDelegate.swift */,
			);
			path = "Yum Yum Food";
			sourceTree = "<group>";
		};
		A3C20E722CF74AEF0082E881 /* Sign in */ = {
			isa = PBXGroup;
			children = (
				A3C20E712CF74AEF0082E881 /* SignInViewController.swift */,
			);
			path = "Sign in";
			sourceTree = "<group>";
		};
		A3C20E792CF7D6F50082E881 /* Frameworks */ = {
			isa = PBXGroup;
			children = (
			);
			name = Frameworks;
			sourceTree = "<group>";
		};
		A3C421322CF8929400A53BD8 /* Services */ = {
			isa = PBXGroup;
			children = (
				A3C421332CF8934200A53BD8 /* AuthService.swift */,
			);
			path = Services;
			sourceTree = "<group>";
		};
		A3C4214D2CFBDEA700A53BD8 /* Views */ = {
			isa = PBXGroup;
			children = (
			);
			path = Views;
			sourceTree = "<group>";
		};
/* End PBXGroup section */

/* Begin PBXNativeTarget section */
		A32270B82CF2A21500D9BEC3 /* Yum Yum Food */ = {
			isa = PBXNativeTarget;
			buildConfigurationList = A32270CC2CF2A21700D9BEC3 /* Build configuration list for PBXNativeTarget "Yum Yum Food" */;
			buildPhases = (
				A32270B52CF2A21500D9BEC3 /* Sources */,
				A32270B62CF2A21500D9BEC3 /* Frameworks */,
				A32270B72CF2A21500D9BEC3 /* Resources */,
			);
			buildRules = (
			);
			dependencies = (
			);
			name = "Yum Yum Food";
			packageProductDependencies = (
				A32270D22CF2AA6B00D9BEC3 /* SnapKit */,
				A3C20E6D2CF61E300082E881 /* SkyFloatingLabelTextField */,
				A3C20E7A2CF7D6F50082E881 /* FirebaseAuth */,
				A3C20E7C2CF7D7060082E881 /* FirebaseCore */,
				A3C20E7E2CF7D72B0082E881 /* FirebaseDatabase */,
				A3C20E802CF7D73A0082E881 /* FirebaseStorage */,
			);
			productName = "Yum Yum Food";
			productReference = A32270B92CF2A21500D9BEC3 /* Yum Yum Food.app */;
			productType = "com.apple.product-type.application";
		};
/* End PBXNativeTarget section */

/* Begin PBXProject section */
		A32270B12CF2A21500D9BEC3 /* Project object */ = {
			isa = PBXProject;
			attributes = {
				BuildIndependentTargetsInParallel = 1;
				LastSwiftUpdateCheck = 1610;
				LastUpgradeCheck = 1610;
				TargetAttributes = {
					A32270B82CF2A21500D9BEC3 = {
						CreatedOnToolsVersion = 16.1;
					};
				};
			};
			buildConfigurationList = A32270B42CF2A21500D9BEC3 /* Build configuration list for PBXProject "Yum Yum Food" */;
			developmentRegion = en;
			hasScannedForEncodings = 0;
			knownRegions = (
				en,
				Base,
			);
			mainGroup = A32270B02CF2A21500D9BEC3;
			minimizedProjectReferenceProxies = 1;
			packageReferences = (
				A32270D12CF2AA6B00D9BEC3 /* XCRemoteSwiftPackageReference "SnapKit" */,
				A3C20E6C2CF61E300082E881 /* XCRemoteSwiftPackageReference "SkyFloatingLabelTextField" */,
				A3C20E762CF7D4A60082E881 /* XCRemoteSwiftPackageReference "firebase-ios-sdk" */,
			);
			preferredProjectObjectVersion = 77;
			productRefGroup = A32270BA2CF2A21500D9BEC3 /* Products */;
			projectDirPath = "";
			projectRoot = "";
			targets = (
				A32270B82CF2A21500D9BEC3 /* Yum Yum Food */,
			);
		};
/* End PBXProject section */

/* Begin PBXResourcesBuildPhase section */
		A32270B72CF2A21500D9BEC3 /* Resources */ = {
			isa = PBXResourcesBuildPhase;
			buildActionMask = 2147483647;
			files = (
				A3C20E402CF60F760082E881 /* Rubik-Black.ttf in Resources */,
				A3C20E412CF60F760082E881 /* Rubik-BlackItalic.ttf in Resources */,
				A3C20E422CF60F760082E881 /* Rubik-Bold.ttf in Resources */,
				A3C20E432CF60F760082E881 /* Rubik-BoldItalic.ttf in Resources */,
				A3C20E442CF60F760082E881 /* Rubik-ExtraBold.ttf in Resources */,
				A3C20E452CF60F760082E881 /* Rubik-ExtraBoldItalic.ttf in Resources */,
				A3C20E462CF60F760082E881 /* Rubik-Italic.ttf in Resources */,
				A3C20E472CF60F760082E881 /* Rubik-Light.ttf in Resources */,
				A3C20E482CF60F760082E881 /* Rubik-LightItalic.ttf in Resources */,
				A3C20E492CF60F760082E881 /* Rubik-Medium.ttf in Resources */,
				A3C20E4A2CF60F760082E881 /* Rubik-MediumItalic.ttf in Resources */,
				A3C20E4B2CF60F760082E881 /* Rubik-Regular.ttf in Resources */,
				A3C20E832CF7DB680082E881 /* GoogleService-Info.plist in Resources */,
				A3C20E4C2CF60F760082E881 /* Rubik-SemiBold.ttf in Resources */,
				A3C20E4D2CF60F760082E881 /* Rubik-SemiBoldItalic.ttf in Resources */,
				A3C20E4E2CF60F760082E881 /* Assets.xcassets in Resources */,
				A3C20E502CF60F760082E881 /* LaunchScreen.storyboard in Resources */,
			);
			runOnlyForDeploymentPostprocessing = 0;
		};
/* End PBXResourcesBuildPhase section */

/* Begin PBXSourcesBuildPhase section */
		A32270B52CF2A21500D9BEC3 /* Sources */ = {
			isa = PBXSourcesBuildPhase;
			buildActionMask = 2147483647;
			files = (
				A3C20E732CF74AEF0082E881 /* SignInViewController.swift in Sources */,
				A30881DC2CFFB41100FDA87D /* UserProfileViewController.swift in Sources */,
				A3C421342CF8934200A53BD8 /* AuthService.swift in Sources */,
				A3C20E512CF60F760082E881 /* HomeViewController.swift in Sources */,
				A3C20E522CF60F760082E881 /* FavoriteViewController.swift in Sources */,
				A3C20E532CF60F760082E881 /* LoginViewController.swift in Sources */,
				A3C20E542CF60F760082E881 /* ProfileViewController.swift in Sources */,
				A30881DE2D00F85100FDA87D /* HelpFAQViewController.swift in Sources */,
				A3C20E552CF60F760082E881 /* SearchViewController.swift in Sources */,
				A3C20E562CF60F760082E881 /* WelcomeViewController.swift in Sources */,
				A3C20E572CF60F760082E881 /* RestaurantsViewController.swift in Sources */,
				A3C20E582CF60F760082E881 /* MainTabBarController.swift in Sources */,
				A3C20E592CF60F760082E881 /* Coordinator.swift in Sources */,
				A3C20E702CF6266B0082E881 /* SkyFloatingLabelTextField+Extensions.swift in Sources */,
				A30881DA2CFFB22C00FDA87D /* ContactViewController.swift in Sources */,
				A3C20E5A2CF60F760082E881 /* FavoriteCoordinator.swift in Sources */,
				A3C20E5B2CF60F760082E881 /* HomeCoordinator.swift in Sources */,
				A3C20E5C2CF60F760082E881 /* ProfileCoordinator.swift in Sources */,
				A30881D42CFFAEBC00FDA87D /* OrderViewController.swift in Sources */,
				A3C20E5D2CF60F760082E881 /* RestaurantsCoordinator.swift in Sources */,
				A3C20E5E2CF60F760082E881 /* SearchCoordinator.swift in Sources */,
				A3C20E5F2CF60F760082E881 /* UIColor+Extension.swift in Sources */,
				A3C421362CF8940D00A53BD8 /* UserData.swift in Sources */,
				A3C4214F2CFBE00D00A53BD8 /* UserOption.swift in Sources */,
				A3C20E602CF60F760082E881 /* UIFont+Extension.swift in Sources */,
				A3C20E612CF60F760082E881 /* UIImage+Resize.swift in Sources */,
				A30881D82CFFB21100FDA87D /* SettingsViewController.swift in Sources */,
				A3C20E622CF60F760082E881 /* AppColors.swift in Sources */,
				A30881D62CFFB1FD00FDA87D /* PaymentsViewController.swift in Sources */,
				A3C20E632CF60F760082E881 /* AppDelegate.swift in Sources */,
				A3C20E642CF60F760082E881 /* SceneDelegate.swift in Sources */,
			);
			runOnlyForDeploymentPostprocessing = 0;
		};
/* End PBXSourcesBuildPhase section */

/* Begin PBXVariantGroup section */
		A3C20E3D2CF60F760082E881 /* LaunchScreen.storyboard */ = {
			isa = PBXVariantGroup;
			children = (
				A3C20E3C2CF60F760082E881 /* Base */,
			);
			name = LaunchScreen.storyboard;
			sourceTree = "<group>";
		};
/* End PBXVariantGroup section */

/* Begin XCBuildConfiguration section */
		A32270CD2CF2A21700D9BEC3 /* Debug */ = {
			isa = XCBuildConfiguration;
			buildSettings = {
				ASSETCATALOG_COMPILER_APPICON_NAME = AppIcon;
				ASSETCATALOG_COMPILER_GLOBAL_ACCENT_COLOR_NAME = AccentColor;
				CODE_SIGN_STYLE = Automatic;
				CURRENT_PROJECT_VERSION = 1;
				DEVELOPMENT_TEAM = CXJSS8KYX5;
				GENERATE_INFOPLIST_FILE = YES;
				INFOPLIST_FILE = "Yum Yum Food/Info.plist";
				INFOPLIST_KEY_UIApplicationSupportsIndirectInputEvents = YES;
				INFOPLIST_KEY_UILaunchStoryboardName = LaunchScreen;
				INFOPLIST_KEY_UISupportedInterfaceOrientations_iPad = "UIInterfaceOrientationPortrait UIInterfaceOrientationPortraitUpsideDown UIInterfaceOrientationLandscapeLeft UIInterfaceOrientationLandscapeRight";
				INFOPLIST_KEY_UISupportedInterfaceOrientations_iPhone = "UIInterfaceOrientationPortrait UIInterfaceOrientationLandscapeLeft UIInterfaceOrientationLandscapeRight";
				LD_RUNPATH_SEARCH_PATHS = (
					"$(inherited)",
					"@executable_path/Frameworks",
				);
				MARKETING_VERSION = 1.0;
				PRODUCT_BUNDLE_IDENTIFIER = "com.example.Yum-Yum-Food";
				PRODUCT_NAME = "$(TARGET_NAME)";
				SWIFT_EMIT_LOC_STRINGS = YES;
				SWIFT_VERSION = 5.0;
				TARGETED_DEVICE_FAMILY = "1,2";
			};
			name = Debug;
		};
		A32270CE2CF2A21700D9BEC3 /* Release */ = {
			isa = XCBuildConfiguration;
			buildSettings = {
				ASSETCATALOG_COMPILER_APPICON_NAME = AppIcon;
				ASSETCATALOG_COMPILER_GLOBAL_ACCENT_COLOR_NAME = AccentColor;
				CODE_SIGN_STYLE = Automatic;
				CURRENT_PROJECT_VERSION = 1;
				DEVELOPMENT_TEAM = CXJSS8KYX5;
				GENERATE_INFOPLIST_FILE = YES;
				INFOPLIST_FILE = "Yum Yum Food/Info.plist";
				INFOPLIST_KEY_UIApplicationSupportsIndirectInputEvents = YES;
				INFOPLIST_KEY_UILaunchStoryboardName = LaunchScreen;
				INFOPLIST_KEY_UISupportedInterfaceOrientations_iPad = "UIInterfaceOrientationPortrait UIInterfaceOrientationPortraitUpsideDown UIInterfaceOrientationLandscapeLeft UIInterfaceOrientationLandscapeRight";
				INFOPLIST_KEY_UISupportedInterfaceOrientations_iPhone = "UIInterfaceOrientationPortrait UIInterfaceOrientationLandscapeLeft UIInterfaceOrientationLandscapeRight";
				LD_RUNPATH_SEARCH_PATHS = (
					"$(inherited)",
					"@executable_path/Frameworks",
				);
				MARKETING_VERSION = 1.0;
				PRODUCT_BUNDLE_IDENTIFIER = "com.example.Yum-Yum-Food";
				PRODUCT_NAME = "$(TARGET_NAME)";
				SWIFT_EMIT_LOC_STRINGS = YES;
				SWIFT_VERSION = 5.0;
				TARGETED_DEVICE_FAMILY = "1,2";
			};
			name = Release;
		};
		A32270CF2CF2A21700D9BEC3 /* Debug */ = {
			isa = XCBuildConfiguration;
			buildSettings = {
				ALWAYS_SEARCH_USER_PATHS = NO;
				ASSETCATALOG_COMPILER_GENERATE_SWIFT_ASSET_SYMBOL_EXTENSIONS = YES;
				CLANG_ANALYZER_NONNULL = YES;
				CLANG_ANALYZER_NUMBER_OBJECT_CONVERSION = YES_AGGRESSIVE;
				CLANG_CXX_LANGUAGE_STANDARD = "gnu++20";
				CLANG_ENABLE_MODULES = YES;
				CLANG_ENABLE_OBJC_ARC = YES;
				CLANG_ENABLE_OBJC_WEAK = YES;
				CLANG_WARN_BLOCK_CAPTURE_AUTORELEASING = YES;
				CLANG_WARN_BOOL_CONVERSION = YES;
				CLANG_WARN_COMMA = YES;
				CLANG_WARN_CONSTANT_CONVERSION = YES;
				CLANG_WARN_DEPRECATED_OBJC_IMPLEMENTATIONS = YES;
				CLANG_WARN_DIRECT_OBJC_ISA_USAGE = YES_ERROR;
				CLANG_WARN_DOCUMENTATION_COMMENTS = YES;
				CLANG_WARN_EMPTY_BODY = YES;
				CLANG_WARN_ENUM_CONVERSION = YES;
				CLANG_WARN_INFINITE_RECURSION = YES;
				CLANG_WARN_INT_CONVERSION = YES;
				CLANG_WARN_NON_LITERAL_NULL_CONVERSION = YES;
				CLANG_WARN_OBJC_IMPLICIT_RETAIN_SELF = YES;
				CLANG_WARN_OBJC_LITERAL_CONVERSION = YES;
				CLANG_WARN_OBJC_ROOT_CLASS = YES_ERROR;
				CLANG_WARN_QUOTED_INCLUDE_IN_FRAMEWORK_HEADER = YES;
				CLANG_WARN_RANGE_LOOP_ANALYSIS = YES;
				CLANG_WARN_STRICT_PROTOTYPES = YES;
				CLANG_WARN_SUSPICIOUS_MOVE = YES;
				CLANG_WARN_UNGUARDED_AVAILABILITY = YES_AGGRESSIVE;
				CLANG_WARN_UNREACHABLE_CODE = YES;
				CLANG_WARN__DUPLICATE_METHOD_MATCH = YES;
				COPY_PHASE_STRIP = NO;
				DEBUG_INFORMATION_FORMAT = dwarf;
				ENABLE_STRICT_OBJC_MSGSEND = YES;
				ENABLE_TESTABILITY = YES;
				ENABLE_USER_SCRIPT_SANDBOXING = YES;
				GCC_C_LANGUAGE_STANDARD = gnu17;
				GCC_DYNAMIC_NO_PIC = NO;
				GCC_NO_COMMON_BLOCKS = YES;
				GCC_OPTIMIZATION_LEVEL = 0;
				GCC_PREPROCESSOR_DEFINITIONS = (
					"DEBUG=1",
					"$(inherited)",
				);
				GCC_WARN_64_TO_32_BIT_CONVERSION = YES;
				GCC_WARN_ABOUT_RETURN_TYPE = YES_ERROR;
				GCC_WARN_UNDECLARED_SELECTOR = YES;
				GCC_WARN_UNINITIALIZED_AUTOS = YES_AGGRESSIVE;
				GCC_WARN_UNUSED_FUNCTION = YES;
				GCC_WARN_UNUSED_VARIABLE = YES;
				IPHONEOS_DEPLOYMENT_TARGET = 18.1;
				LOCALIZATION_PREFERS_STRING_CATALOGS = YES;
				MTL_ENABLE_DEBUG_INFO = INCLUDE_SOURCE;
				MTL_FAST_MATH = YES;
				ONLY_ACTIVE_ARCH = YES;
				SDKROOT = iphoneos;
				SWIFT_ACTIVE_COMPILATION_CONDITIONS = "DEBUG $(inherited)";
				SWIFT_OPTIMIZATION_LEVEL = "-Onone";
			};
			name = Debug;
		};
		A32270D02CF2A21700D9BEC3 /* Release */ = {
			isa = XCBuildConfiguration;
			buildSettings = {
				ALWAYS_SEARCH_USER_PATHS = NO;
				ASSETCATALOG_COMPILER_GENERATE_SWIFT_ASSET_SYMBOL_EXTENSIONS = YES;
				CLANG_ANALYZER_NONNULL = YES;
				CLANG_ANALYZER_NUMBER_OBJECT_CONVERSION = YES_AGGRESSIVE;
				CLANG_CXX_LANGUAGE_STANDARD = "gnu++20";
				CLANG_ENABLE_MODULES = YES;
				CLANG_ENABLE_OBJC_ARC = YES;
				CLANG_ENABLE_OBJC_WEAK = YES;
				CLANG_WARN_BLOCK_CAPTURE_AUTORELEASING = YES;
				CLANG_WARN_BOOL_CONVERSION = YES;
				CLANG_WARN_COMMA = YES;
				CLANG_WARN_CONSTANT_CONVERSION = YES;
				CLANG_WARN_DEPRECATED_OBJC_IMPLEMENTATIONS = YES;
				CLANG_WARN_DIRECT_OBJC_ISA_USAGE = YES_ERROR;
				CLANG_WARN_DOCUMENTATION_COMMENTS = YES;
				CLANG_WARN_EMPTY_BODY = YES;
				CLANG_WARN_ENUM_CONVERSION = YES;
				CLANG_WARN_INFINITE_RECURSION = YES;
				CLANG_WARN_INT_CONVERSION = YES;
				CLANG_WARN_NON_LITERAL_NULL_CONVERSION = YES;
				CLANG_WARN_OBJC_IMPLICIT_RETAIN_SELF = YES;
				CLANG_WARN_OBJC_LITERAL_CONVERSION = YES;
				CLANG_WARN_OBJC_ROOT_CLASS = YES_ERROR;
				CLANG_WARN_QUOTED_INCLUDE_IN_FRAMEWORK_HEADER = YES;
				CLANG_WARN_RANGE_LOOP_ANALYSIS = YES;
				CLANG_WARN_STRICT_PROTOTYPES = YES;
				CLANG_WARN_SUSPICIOUS_MOVE = YES;
				CLANG_WARN_UNGUARDED_AVAILABILITY = YES_AGGRESSIVE;
				CLANG_WARN_UNREACHABLE_CODE = YES;
				CLANG_WARN__DUPLICATE_METHOD_MATCH = YES;
				COPY_PHASE_STRIP = NO;
				DEBUG_INFORMATION_FORMAT = "dwarf-with-dsym";
				ENABLE_NS_ASSERTIONS = NO;
				ENABLE_STRICT_OBJC_MSGSEND = YES;
				ENABLE_USER_SCRIPT_SANDBOXING = YES;
				GCC_C_LANGUAGE_STANDARD = gnu17;
				GCC_NO_COMMON_BLOCKS = YES;
				GCC_WARN_64_TO_32_BIT_CONVERSION = YES;
				GCC_WARN_ABOUT_RETURN_TYPE = YES_ERROR;
				GCC_WARN_UNDECLARED_SELECTOR = YES;
				GCC_WARN_UNINITIALIZED_AUTOS = YES_AGGRESSIVE;
				GCC_WARN_UNUSED_FUNCTION = YES;
				GCC_WARN_UNUSED_VARIABLE = YES;
				IPHONEOS_DEPLOYMENT_TARGET = 18.1;
				LOCALIZATION_PREFERS_STRING_CATALOGS = YES;
				MTL_ENABLE_DEBUG_INFO = NO;
				MTL_FAST_MATH = YES;
				SDKROOT = iphoneos;
				SWIFT_COMPILATION_MODE = wholemodule;
				VALIDATE_PRODUCT = YES;
			};
			name = Release;
		};
/* End XCBuildConfiguration section */

/* Begin XCConfigurationList section */
		A32270B42CF2A21500D9BEC3 /* Build configuration list for PBXProject "Yum Yum Food" */ = {
			isa = XCConfigurationList;
			buildConfigurations = (
				A32270CF2CF2A21700D9BEC3 /* Debug */,
				A32270D02CF2A21700D9BEC3 /* Release */,
			);
			defaultConfigurationIsVisible = 0;
			defaultConfigurationName = Release;
		};
		A32270CC2CF2A21700D9BEC3 /* Build configuration list for PBXNativeTarget "Yum Yum Food" */ = {
			isa = XCConfigurationList;
			buildConfigurations = (
				A32270CD2CF2A21700D9BEC3 /* Debug */,
				A32270CE2CF2A21700D9BEC3 /* Release */,
			);
			defaultConfigurationIsVisible = 0;
			defaultConfigurationName = Release;
		};
/* End XCConfigurationList section */

/* Begin XCRemoteSwiftPackageReference section */
		A32270D12CF2AA6B00D9BEC3 /* XCRemoteSwiftPackageReference "SnapKit" */ = {
			isa = XCRemoteSwiftPackageReference;
			repositoryURL = "https://github.com/SnapKit/SnapKit";
			requirement = {
				kind = upToNextMajorVersion;
				minimumVersion = 5.7.1;
			};
		};
		A3C20E6C2CF61E300082E881 /* XCRemoteSwiftPackageReference "SkyFloatingLabelTextField" */ = {
			isa = XCRemoteSwiftPackageReference;
			repositoryURL = "https://github.com/Skyscanner/SkyFloatingLabelTextField";
			requirement = {
				kind = upToNextMajorVersion;
				minimumVersion = 4.0.0;
			};
		};
		A3C20E762CF7D4A60082E881 /* XCRemoteSwiftPackageReference "firebase-ios-sdk" */ = {
			isa = XCRemoteSwiftPackageReference;
			repositoryURL = "https://github.com/firebase/firebase-ios-sdk";
			requirement = {
				kind = upToNextMajorVersion;
				minimumVersion = 11.5.0;
			};
		};
/* End XCRemoteSwiftPackageReference section */

/* Begin XCSwiftPackageProductDependency section */
		A32270D22CF2AA6B00D9BEC3 /* SnapKit */ = {
			isa = XCSwiftPackageProductDependency;
			package = A32270D12CF2AA6B00D9BEC3 /* XCRemoteSwiftPackageReference "SnapKit" */;
			productName = SnapKit;
		};
		A3C20E6D2CF61E300082E881 /* SkyFloatingLabelTextField */ = {
			isa = XCSwiftPackageProductDependency;
			package = A3C20E6C2CF61E300082E881 /* XCRemoteSwiftPackageReference "SkyFloatingLabelTextField" */;
			productName = SkyFloatingLabelTextField;
		};
		A3C20E7A2CF7D6F50082E881 /* FirebaseAuth */ = {
			isa = XCSwiftPackageProductDependency;
			package = A3C20E762CF7D4A60082E881 /* XCRemoteSwiftPackageReference "firebase-ios-sdk" */;
			productName = FirebaseAuth;
		};
		A3C20E7C2CF7D7060082E881 /* FirebaseCore */ = {
			isa = XCSwiftPackageProductDependency;
			package = A3C20E762CF7D4A60082E881 /* XCRemoteSwiftPackageReference "firebase-ios-sdk" */;
			productName = FirebaseCore;
		};
		A3C20E7E2CF7D72B0082E881 /* FirebaseDatabase */ = {
			isa = XCSwiftPackageProductDependency;
			package = A3C20E762CF7D4A60082E881 /* XCRemoteSwiftPackageReference "firebase-ios-sdk" */;
			productName = FirebaseDatabase;
		};
		A3C20E802CF7D73A0082E881 /* FirebaseStorage */ = {
			isa = XCSwiftPackageProductDependency;
			package = A3C20E762CF7D4A60082E881 /* XCRemoteSwiftPackageReference "firebase-ios-sdk" */;
			productName = FirebaseStorage;
		};
/* End XCSwiftPackageProductDependency section */
	};
	rootObject = A32270B12CF2A21500D9BEC3 /* Project object */;
}
